{"SurveyEntry":{"SurveyID":"SV_9RfCnFkO7qKjVky","SurveyName":"QA Pilot v4","SurveyDescription":null,"SurveyOwnerID":"UR_ahLsdD3GA2cMAHs","SurveyBrandID":"nyu","DivisionID":null,"SurveyLanguage":"EN","SurveyActiveResponseSet":"RS_81DSqb6gvSqruqq","SurveyStatus":"Active","SurveyStartDate":"0000-00-00 00:00:00","SurveyExpirationDate":"0000-00-00 00:00:00","SurveyCreationDate":"2026-06-18 13:17:38","CreatorID":"UR_ahLsdD3GA2cMAHs","LastModified":"2026-06-23 08:25:59","LastAccessed":"0000-00-00 00:00:00","LastActivated":"2026-06-18 15:41:32","Deleted":null},"SurveyElements":[{"SurveyID":"SV_9RfCnFkO7qKjVky","Element":"BL","PrimaryAttribute":"Survey Blocks","SecondaryAttribute":null,"TertiaryAttribute":null,"Payload":{"1":{"Type":"Trash","Description":"Trash \/ Unused Questions","ID":"BL_0pH07065i0oeCx0","BlockElements":[]},"2":{"Type":"Standard","SubType":"","Description":"Consent","ID":"BL_6gKqiwttuosp4Ym","Options":{"BlockLocking":"false","RandomizeQuestions":"false","BlockVisibility":"Expanded"},"BlockElements":[{"Type":"Question","QuestionID":"QID3"},{"Type":"Question","QuestionID":"QID10"}]},"3":{"Type":"Standard","SubType":"","Description":"Instructions","ID":"BL_9SL6EvKQsz1N9P0","BlockElements":[{"Type":"Question","QuestionID":"QID16"}],"Options":{"BlockLocking":"false","RandomizeQuestions":"false","BlockVisibility":"Expanded","PreviousButton":"","previousButtonMID":"","NextButton":"","nextButtonMID":"","previousButtonLibraryID":"","nextButtonLibraryID":""}},"4":{"Type":"Standard","SubType":"","Description":"Reading trial","ID":"BL_3pUIE2wY593YFU2","BlockElements":[{"Type":"Question","QuestionID":"QID29"},{"Type":"Question","QuestionID":"QID17"}],"Options":{"BlockLocking":"false","RandomizeQuestions":"false","BlockVisibility":"Expanded"}},"10":{"Type":"Standard","SubType":"","Description":"Debrief","ID":"BL_7X1hg9FqqNpAZg2","BlockElements":[{"Type":"Question","QuestionID":"QID46"}],"Options":{"BlockLocking":"false","RandomizeQuestions":"false","PreviousButton":"","previousButtonMID":"","NextButton":"End Task","nextButtonMID":"","previousButtonLibraryID":"","nextButtonLibraryID":""}},"11":{"Type":"Standard","SubType":"","Description":"Feedback","ID":"BL_dpwpOFCj4XQ5jcW","BlockElements":[{"Type":"Question","QuestionID":"QID49"},{"Type":"Question","QuestionID":"QID51"},{"Type":"Question","QuestionID":"QID50"}]},"12":{"Type":"Standard","SubType":"","Description":"Audio Setup","ID":"BL_6SxYkdZSjYi86Lc","BlockElements":[{"Type":"Question","QuestionID":"QID52"},{"Type":"Question","QuestionID":"QID53"}],"Options":{"BlockLocking":"false","RandomizeQuestions":"false","PreviousButton":"","previousButtonMID":"","NextButton":"Start","nextButtonMID":"","previousButtonLibraryID":"","nextButtonLibraryID":""}},"14":{"Type":"Standard","SubType":"","Description":"Birds plumage\/diet multi-select - Jun 18, 2026","ID":"BL_0CYOCQ867W4e09E","BlockElements":[{"Type":"Question","QuestionID":"QID61"},{"Type":"Question","QuestionID":"QID56"},{"Type":"Question","QuestionID":"QID57"},{"Type":"Question","QuestionID":"QID42"},{"Type":"Question","QuestionID":"QID58"},{"Type":"Question","QuestionID":"QID59"},{"Type":"Question","QuestionID":"QID44"},{"Type":"Question","QuestionID":"QID60"}],"Options":{"BlockLocking":"false","RandomizeQuestions":"Advanced","Randomization":{"Advanced":{"FixedOrder":["QID61","{~Randomized~}","{~Randomized~}","QID42","{~Randomized~}","{~Randomized~}","QID44","{~Randomized~}"],"RandomizeAll":["QID56","QID57","QID58","QID59","QID60"],"RandomSubSet":[],"Undisplayed":[],"TotalRandSubset":0,"QuestionsPerPage":0},"EvenPresentation":false}}}}},{"SurveyID":"SV_9RfCnFkO7qKjVky","Element":"FL","PrimaryAttribute":"Survey Flow","SecondaryAttribute":null,"TertiaryAttribute":null,"Payload":{"Type":"Root","FlowID":"FL_1","Flow":[{"Type":"EmbeddedData","FlowID":"FL_13","EmbeddedData":[{"Description":"assigned_doc","Type":"Recipient","Field":"assigned_doc","VariableType":"String","DataVisibility":[],"AnalyzeText":false},{"Description":"listening_rt","Type":"Recipient","Field":"listening_rt","VariableType":"String","DataVisibility":[],"AnalyzeText":false},{"Description":"listening_completed","Type":"Recipient","Field":"listening_completed","VariableType":"String","DataVisibility":[],"AnalyzeText":false},{"Description":"PROLIFIC_PID","Type":"Recipient","Field":"PROLIFIC_PID","VariableType":"String","DataVisibility":[],"AnalyzeText":false},{"Description":"STUDY_ID","Type":"Recipient","Field":"STUDY_ID","VariableType":"String","DataVisibility":[],"AnalyzeText":false},{"Description":"SESSION_ID","Type":"Recipient","Field":"SESSION_ID","VariableType":"String","DataVisibility":[],"AnalyzeText":false},{"Description":"reading_time","Type":"Custom","Field":"reading_time","VariableType":"String","DataVisibility":[],"AnalyzeText":false,"Value":"5"}]},{"Type":"Block","ID":"BL_6gKqiwttuosp4Ym","FlowID":"FL_7","Autofill":[]},{"Type":"Branch","FlowID":"FL_23","Description":"New Branch","BranchLogic":{"0":{"0":{"LogicType":"Question","QuestionID":"QID10","QuestionIsInLoop":"no","ChoiceLocator":"q:\/\/QID10\/SelectableChoice\/2","Operator":"Selected","QuestionIDFromLocator":"QID10","LeftOperand":"q:\/\/QID10\/SelectableChoice\/2","Type":"Expression","Description":"<span class=\"ConjDesc\">If<\/span> <span class=\"QuestionDesc\">Do you consent to participate in this study?<\/span> <span class=\"LeftOpDesc\">I do not consent<\/span> <span class=\"OpDesc\">Is Selected<\/span> "},"Type":"If"},"Type":"BooleanExpression"},"Flow":[{"Type":"EndSurvey","FlowID":"FL_24","EndingType":"Advanced","Options":{"Advanced":"true","SurveyTermination":"Redirect","EOSRedirectURL":"https:\/\/app.prolific.com\/submissions\/complete?cc=C9VPCU0Y","ResponseFlag":"Screened"}}]},{"Type":"Standard","ID":"BL_9SL6EvKQsz1N9P0","FlowID":"FL_8","Autofill":[]},{"Type":"Standard","ID":"BL_6SxYkdZSjYi86Lc","FlowID":"FL_31","Autofill":[]},{"Type":"Branch","FlowID":"FL_29","Description":"New Branch","BranchLogic":{"0":{"0":{"LogicType":"Question","QuestionID":"QID52","QuestionIsInLoop":"no","ChoiceLocator":"q:\/\/QID52\/SelectableChoice\/7","Operator":"NotSelected","QuestionIDFromLocator":"QID52","LeftOperand":"q:\/\/QID52\/SelectableChoice\/7","Type":"Expression","Description":"<span class=\"ConjDesc\">If<\/span> <span class=\"QuestionDesc\">Make sure that you can hear the following audio clip, then select the appropriate answer(s) below.\n\n\n\n<\/span> <span class=\"LeftOpDesc\">7<\/span> <span class=\"OpDesc\">Is Not Selected<\/span> "},"1":{"LogicType":"Question","QuestionID":"QID52","QuestionIsInLoop":"no","ChoiceLocator":"q:\/\/QID52\/SelectableChoice\/4","Operator":"NotSelected","QuestionIDFromLocator":"QID52","LeftOperand":"q:\/\/QID52\/SelectableChoice\/4","Type":"Expression","Description":"<span class=\"ConjDesc\">Or<\/span> <span class=\"QuestionDesc\">Make sure that you can hear the following audio clip, then select the appropriate answer(s) below.\n\n\n\n<\/span> <span class=\"LeftOpDesc\">412<\/span> <span class=\"OpDesc\">Is Not Selected<\/span> ","Conjuction":"Or"},"Type":"If"},"Type":"BooleanExpression"},"Flow":[{"Type":"EndSurvey","FlowID":"FL_30","EndingType":"Advanced","Options":{"Advanced":"true","SurveyTermination":"Redirect","EOSRedirectURL":"https:\/\/app.prolific.com\/submissions\/complete?cc=CBD2NLCQ"}}]},{"Type":"Standard","ID":"BL_3pUIE2wY593YFU2","FlowID":"FL_9","Autofill":[]},{"Type":"Standard","ID":"BL_0CYOCQ867W4e09E","FlowID":"FL_34","Autofill":[]},{"Type":"Standard","ID":"BL_dpwpOFCj4XQ5jcW","FlowID":"FL_26","Autofill":[]},{"Type":"Standard","ID":"BL_7X1hg9FqqNpAZg2","FlowID":"FL_17","Autofill":[]},{"Type":"Branch","FlowID":"FL_21","Description":"New Branch","BranchLogic":{"0":{"0":{"LogicType":"Question","QuestionID":"QID42","QuestionIsInLoop":"no","ChoiceLocator":"q:\/\/QID42\/SelectableChoice\/4","Operator":"NotSelected","QuestionIDFromLocator":"QID42","LeftOperand":"q:\/\/QID42\/SelectableChoice\/4","Type":"Expression","Description":"<span class=\"ConjDesc\">If<\/span> <span class=\"QuestionDesc\">Which of the following describes the two birds? This is an attention check question. Select only...<\/span> <span class=\"LeftOpDesc\">Green versus black<\/span> <span class=\"OpDesc\">Is Not Selected<\/span> "},"1":{"LogicType":"Question","QuestionID":"QID44","QuestionIsInLoop":"no","ChoiceLocator":"q:\/\/QID44\/SelectableChoice\/2","Operator":"NotSelected","QuestionIDFromLocator":"QID44","LeftOperand":"q:\/\/QID44\/SelectableChoice\/2","Type":"Expression","Description":"<span class=\"ConjDesc\">Or<\/span> <span class=\"QuestionDesc\">Which of the following are discussed in the attention check? If you are paying attention, select...<\/span> <span class=\"LeftOpDesc\">Social structure<\/span> <span class=\"OpDesc\">Is Not Selected<\/span> ","Conjuction":"Or"},"Type":"If"},"Type":"BooleanExpression"},"Flow":[{"Type":"EndSurvey","FlowID":"FL_20","EndingType":"Advanced","Options":{"Advanced":"true","SurveyTermination":"Redirect","EOSRedirectURL":"https:\/\/app.prolific.com\/submissions\/complete?cc=C111B5WI","CountQuotas":"No","ResponseFlag":"PoorQuality"}}]},{"Type":"EndSurvey","FlowID":"FL_19","EndingType":"Advanced","Options":{"Advanced":"true","SurveyTermination":"Redirect","EOSRedirectURL":"https:\/\/app.prolific.com\/submissions\/complete?cc=CMFQ702S","ResponseFlag":"Complete"}}],"Properties":{"Count":34}}},{"SurveyID":"SV_9RfCnFkO7qKjVky","Element":"PL","PrimaryAttribute":"Preview Link","SecondaryAttribute":null,"TertiaryAttribute":null,"Payload":{"PreviewType":"Brand","PreviewID":"7a18c21f-919b-47f3-ac97-2b9e5032ad11"}},{"SurveyID":"SV_9RfCnFkO7qKjVky","Element":"PROJ","PrimaryAttribute":"CORE","SecondaryAttribute":null,"TertiaryAttribute":"1.1.0","Payload":{"ProjectCategory":"CORE","SchemaVersion":"1.1.0"}},{"SurveyID":"SV_9RfCnFkO7qKjVky","Element":"QC","PrimaryAttribute":"Survey Question Count","SecondaryAttribute":"61","TertiaryAttribute":null,"Payload":null},{"SurveyID":"SV_9RfCnFkO7qKjVky","Element":"QG","PrimaryAttribute":"QG_WBc0RcoL7LnJBTM","SecondaryAttribute":"Default Quota Group","TertiaryAttribute":null,"Payload":{"ID":"QG_WBc0RcoL7LnJBTM","Name":"Default Quota Group","Selected":true,"MultipleMatch":"PlaceInAll","Public":false,"Quotas":[]}},{"SurveyID":"SV_9RfCnFkO7qKjVky","Element":"QGO","PrimaryAttribute":"QGO_QuotaGroupOrder","SecondaryAttribute":null,"TertiaryAttribute":null,"Payload":["QG_WBc0RcoL7LnJBTM"]},{"SurveyID":"SV_9RfCnFkO7qKjVky","Element":"RS","PrimaryAttribute":"RS_81DSqb6gvSqruqq","SecondaryAttribute":null,"TertiaryAttribute":null,"Payload":null},{"SurveyID":"SV_9RfCnFkO7qKjVky","Element":"SCO","PrimaryAttribute":"Scoring","SecondaryAttribute":null,"TertiaryAttribute":null,"Payload":{"ScoringCategories":[{"ID":"SC_7Uw1JTpjXJt3NmS","Name":"Score","Description":""}],"ScoringCategoryGroups":[],"DefaultScoringCategory":"SC_7Uw1JTpjXJt3NmS","ScoringSummaryCategory":null,"ScoringSummaryAfterQuestions":0,"ScoringSummaryAfterSurvey":0,"AutoScoringCategory":null}},{"SurveyID":"SV_9RfCnFkO7qKjVky","Element":"SO","PrimaryAttribute":"Survey Options","SecondaryAttribute":null,"TertiaryAttribute":null,"Payload":{"BackButton":"false","SaveAndContinue":"false","SurveyProtection":"PublicSurvey","BallotBoxStuffingPrevention":"false","NoIndex":"Yes","SecureResponseFiles":"true","SurveyExpiration":"None","SurveyTermination":"Redirect","Header":"<script src=\"https:\/\/unpkg.com\/jspsych@7.3.4\"><\/script> <script src=\"https:\/\/unpkg.com\/@jspsych\/plugin-html-keyboard-response@1.1.3\"><\/script>","Footer":"","ProgressBarDisplay":"Text","PartialData":"+1 hour","ValidationMessage":null,"PreviousButton":" \u2190 ","NextButton":" \u2192 ","SurveyTitle":"Listening comprehension study","SkinLibrary":"nyu","SkinType":"templated","Skin":{"brandingId":null,"templateId":"*modern","overrides":{"contrast":1,"layout":{"spacing":0},"font":{"family":"georgia, serif"}}},"NewScoring":1,"SurveyMetaDescription":"Listen to a passage and answer some questions about it.","Autofocus":false,"Autoadvance":false,"AutoadvancePages":false,"QuestionsPerPage":"","PageTransition":"none","EOSMessage":null,"ShowExportTags":"false","CollectGeoLocation":"false","PasswordProtection":"No","AnonymizeResponse":"No","RefererCheck":"No","BallotBoxStuffingPreventionBehavior":null,"BallotBoxStuffingPreventionMessage":null,"BallotBoxStuffingPreventionMessageLibrary":null,"BallotBoxStuffingPreventionURL":null,"RecaptchaV3":"false","ConfirmStart":false,"AutoConfirmStart":false,"RelevantID":"false","RelevantIDLockoutPeriod":"+30 days","UseCustomSurveyLinkCompletedMessage":null,"SurveyLinkCompletedMessage":null,"SurveyLinkCompletedMessageLibrary":null,"ResponseSummary":"No","EOSMessageLibrary":null,"EOSRedirectURL":"https:\/\/app.prolific.com\/submissions\/complete?cc=CMFQ702S","EmailThankYou":"false","ThankYouEmailMessageLibrary":null,"ThankYouEmailMessage":null,"ValidateMessage":"false","ValidationMessageLibrary":null,"InactiveSurvey":"DefaultMessage","PartialDeletion":null,"PartialDataCloseAfter":"LastActivity","InactiveMessageLibrary":null,"InactiveMessage":null,"AvailableLanguages":{"EN":[]},"headerMid":"","SurveyName":"QA Pilot v4","ProtectSelectionIds":true}},{"SurveyID":"SV_9RfCnFkO7qKjVky","Element":"SQ","PrimaryAttribute":"QID10","SecondaryAttribute":"Do you consent to participate in this study?","TertiaryAttribute":null,"Payload":{"QuestionText":"Do you consent to participate in this study?","DefaultChoices":false,"DataExportTag":"Consent","QuestionType":"MC","Selector":"SAVR","SubSelector":"TX","DataVisibility":{"Private":false,"Hidden":false},"Configuration":{"QuestionDescriptionOption":"UseText"},"QuestionDescription":"Do you consent to participate in this study?","Choices":{"1":{"Display":"I consent"},"2":{"Display":"I do not consent"}},"ChoiceOrder":[1,2],"Validation":{"Settings":{"ForceResponse":"ON","ForceResponseType":"ON","Type":"None"}},"GradingData":[],"Language":[],"NextChoiceId":3,"NextAnswerId":1,"QuestionID":"QID10"}},{"SurveyID":"SV_9RfCnFkO7qKjVky","Element":"SQ","PrimaryAttribute":"QID16","SecondaryAttribute":"Instructions Please complete this task in one sitting without writing anything down or using outs...","TertiaryAttribute":null,"Payload":{"QuestionText":"<h2>Instructions<\/h2>\n\n<p>Please complete this task in one sitting <strong>without writing anything down<\/strong> or using outside resources.<\/p>\n\n<p>&nbsp;<\/p>\n\n<p>You will listen to a passage of text describing multiple bird species. You will then answer some questions about the contents of the text. Do your best to answer accurately, but don&#39;t worry if you are unsure about any answers. Some questions may be more difficult to answer than others.<\/p>","DefaultChoices":false,"DataExportTag":"intro","QuestionType":"DB","Selector":"TB","DataVisibility":{"Private":false,"Hidden":false},"Configuration":{"QuestionDescriptionOption":"UseText"},"QuestionDescription":"Instructions Please complete this task in one sitting without writing anything down or using outs...","ChoiceOrder":[],"Validation":{"Settings":{"Type":"None"}},"GradingData":[],"Language":[],"NextChoiceId":4,"NextAnswerId":1,"QuestionID":"QID16"}},{"SurveyID":"SV_9RfCnFkO7qKjVky","Element":"SQ","PrimaryAttribute":"QID17","SecondaryAttribute":"Loading...","TertiaryAttribute":null,"Payload":{"QuestionText":"Loading...","DefaultChoices":false,"DataExportTag":"Trial","QuestionType":"DB","Selector":"TB","DataVisibility":{"Private":false,"Hidden":false},"Configuration":{"QuestionDescriptionOption":"UseText"},"QuestionDescription":"Loading...","ChoiceOrder":[],"Validation":{"Settings":{"Type":"None"}},"GradingData":[],"Language":[],"NextChoiceId":4,"NextAnswerId":1,"QuestionID":"QID17","QuestionJS":"Qualtrics.SurveyEngine.addOnload(function () {\n    if (window._audioQuestionLoaded) return;\n    window._audioQuestionLoaded = true;\n    var qthis = this;\n\n    var STIMULI = {\n        \"control\":             { \"url\": \"https:\/\/craaaa.github.io\/simulating-memory\/pilot_v4\/audio\/control.mp3\" },\n        \"distractor\": { \"url\": \"https:\/\/craaaa.github.io\/simulating-memory\/pilot_v4\/audio\/distractor.mp3\" },\n        \"repeat_long\":      { \"url\": \"https:\/\/craaaa.github.io\/simulating-memory\/pilot_v4\/audio\/repeat_long.mp3\" },\n        \"repeat_short\":      { \"url\": \"https:\/\/craaaa.github.io\/simulating-memory\/pilot_v4\/audio\/repeat_short.mp3\" },\n    };\n\n    var docId = \"${e:\/\/Field\/assigned_doc}\";\n    var doc = STIMULI[docId];\n\n    if (!doc || !doc.url) {\n        qthis.getQuestionContainer().innerHTML =\n            \"<p>Configuration error: missing audio for condition=\" + docId +\n            \". Please return this study on Prolific.<\/p>\";\n        return;\n    }\n\n    qthis.hideNextButton();\n\n    var container = qthis.getQuestionContainer();\n    container.innerHTML =\n        '<div id=\"audio-status\" style=\"text-align:center;font-weight:bold;margin-bottom:12px;\">Loading audio\u2026<\/div>' +\n        '<div id=\"audio-start-wrap\" style=\"text-align:center;margin-bottom:12px;\"><\/div>' +\n        '<div id=\"audio-progress\" style=\"text-align:center;color:#666;margin-bottom:12px;\"><\/div>';\n\n    var statusEl   = document.getElementById(\"audio-status\");\n    var startWrap  = document.getElementById(\"audio-start-wrap\");\n    var progressEl = document.getElementById(\"audio-progress\");\n\n    var audio = new Audio(doc.url);\n    audio.preload = \"auto\";\n    audio.loop    = false;\n\n    audio.addEventListener(\"contextmenu\", function (e) { e.preventDefault(); });\n\n    var startTime = null;\n    var progressIv = null;\n\n    function beginPlayback() {\n        startTime = Date.now();\n        startWrap.innerHTML = \"\";\n        statusEl.textContent = \"Audio is playing. Please listen carefully.\";\n\n        progressIv = setInterval(function () {\n            if (!isNaN(audio.duration) && audio.duration > 0) {\n                var remaining = Math.ceil(audio.duration - audio.currentTime);\n                progressEl.textContent = remaining > 0 ? remaining + \"s remaining\" : \"\";\n            }\n        }, 1000);\n\n        audio.play();\n    }\n\n    audio.addEventListener(\"canplaythrough\", function () {\n        statusEl.textContent = \"Audio loaded. When you are ready, click to start listening.\";\n        startWrap.innerHTML =\n            '<button id=\"audio-start-btn\" style=\"font-size:1em;padding:8px 24px;\">\u25b6 Start Audio<\/button>';\n        document.getElementById(\"audio-start-btn\").addEventListener(\"click\", function () {\n            document.getElementById(\"audio-start-btn\").disabled = true;\n            beginPlayback();\n        });\n    }, { once: true });\n\n    audio.addEventListener(\"ended\", function () {\n        if (progressIv) { clearInterval(progressIv); }\n        var rt = startTime ? (Date.now() - startTime) : null;\n        Qualtrics.SurveyEngine.setEmbeddedData(\"listening_rt\", rt);\n        Qualtrics.SurveyEngine.setEmbeddedData(\"listening_completed\", \"true\");\n        statusEl.textContent  = \"Audio complete. Click Next to continue.\";\n        progressEl.textContent = \"\";\n        qthis.showNextButton();\n        \/\/ Audio is finished and not looped \u2014 no replay possible without page reload.\n    });\n\n    audio.addEventListener(\"error\", function () {\n        if (progressIv) { clearInterval(progressIv); }\n        statusEl.textContent =\n            \"Audio failed to load. Please return this study on Prolific.\";\n    });\n});\n\nQualtrics.SurveyEngine.addOnUnload(function () {\n    \/\/ No-op; cleanup handled in ended\/error handlers above.\n});"}},{"SurveyID":"SV_9RfCnFkO7qKjVky","Element":"SQ","PrimaryAttribute":"QID29","SecondaryAttribute":"Timing","TertiaryAttribute":null,"Payload":{"QuestionText":"Timing","DefaultChoices":false,"DataExportTag":"Trial Timing","QuestionType":"Timing","Selector":"PageTimer","DataVisibility":{"Private":false,"Hidden":false},"Configuration":{"QuestionDescriptionOption":"UseText","MinSeconds":"0","MaxSeconds":"0"},"QuestionDescription":"Timing","Choices":{"1":{"Display":"First Click"},"2":{"Display":"Last Click"},"3":{"Display":"Page Submit"},"4":{"Display":"Click Count"}},"GradingData":[],"Language":[],"NextChoiceId":44,"NextAnswerId":1,"QuestionID":"QID29"}},{"SurveyID":"SV_9RfCnFkO7qKjVky","Element":"SQ","PrimaryAttribute":"QID3","SecondaryAttribute":"Informed Consent Form IRB-FY2020-4512 Title: \u00a0\u00a0\u00a0\u00a0\u00a0\u00a0\u00a0\u00a0\u00a0\u00a0\u00a0\u00a0\u00a0\u00a0\u00a0\u00a0\u00a0\u00a0\u00a0\u00a0\u00a0\u00a0\u00a0\u00a0\u00a0\u00a0\u00a0","TertiaryAttribute":null,"Payload":{"QuestionText":"<div class=\"WordSection1\"><p class=\"MsoNormal\" align=\"center\" style=\"text-align:center;background:#D9D9D9;\nmso-shading:windowtext;mso-pattern:gray-15 auto\"><b style=\"mso-bidi-font-weight:\nnormal\"><span lang=\"EN-GB\" style=\"font-size:14.0pt;mso-bidi-font-size:10.0pt;\ncolor:black;mso-color-alt:windowtext\">Informed Consent Form IRB-FY2020-4512<\/span><\/b><b style=\"mso-bidi-font-weight:normal\"><span lang=\"EN-GB\" style=\"font-size:14.0pt;\nmso-bidi-font-size:10.0pt\"><\/span><\/b><\/p>\n\n<p class=\"MsoNormal\" style=\"margin-left:2.0in;text-indent:-2.0in;mso-pagination:\nnone;background:#D9D9D9;mso-shading:windowtext;mso-pattern:gray-15 auto\"><b style=\"mso-bidi-font-weight:normal\"><span lang=\"EN-GB\" style=\"mso-bidi-font-size:\n12.0pt;color:black;mso-color-alt:windowtext\">Title: <span style=\"mso-tab-count:\n1\">&nbsp;&nbsp;&nbsp;&nbsp;&nbsp;&nbsp;&nbsp;&nbsp;&nbsp;&nbsp;&nbsp;&nbsp;&nbsp;&nbsp;&nbsp;&nbsp;&nbsp;&nbsp;&nbsp;&nbsp;&nbsp;&nbsp;&nbsp;&nbsp;&nbsp;&nbsp;&nbsp;&nbsp;&nbsp;&nbsp;&nbsp;&nbsp;&nbsp;&nbsp;&nbsp;&nbsp;&nbsp; <\/span><\/span><\/b><span style=\"mso-bidi-font-size:12.0pt;color:black;mso-color-alt:windowtext;\nmso-ansi-language:EN-US\">Sources of Difficulty in Language Processing and\nLearning<\/span><b style=\"mso-bidi-font-weight:normal\"><span lang=\"EN-GB\" style=\"mso-bidi-font-size:12.0pt\"><\/span><\/b><\/p>\n\n<p class=\"MsoNormal\" style=\"margin-left:2.0in;text-indent:-2.0in;mso-pagination:\nnone;background:#D9D9D9;mso-shading:windowtext;mso-pattern:gray-15 auto\"><b style=\"mso-bidi-font-weight:normal\"><span lang=\"EN-GB\" style=\"mso-bidi-font-size:\n12.0pt\">&nbsp;<\/span><\/b><\/p>\n\n<p class=\"MsoNormal\" style=\"margin-left:2.0in;text-indent:-2.0in;mso-pagination:\nnone;background:#D9D9D9;mso-shading:windowtext;mso-pattern:gray-15 auto\"><b style=\"mso-bidi-font-weight:normal\"><span lang=\"EN-GB\" style=\"mso-bidi-font-size:\n12.0pt;color:black;mso-color-alt:windowtext\">Principal Investigator:<span style=\"mso-tab-count:1\">&nbsp;&nbsp;&nbsp;&nbsp;&nbsp;&nbsp;&nbsp;&nbsp;&nbsp; <\/span><\/span><\/b><span lang=\"EN-GB\" style=\"mso-bidi-font-size:12.0pt;color:navy\">Tal Linzen (Department of\nLinguistics and the <span class=\"SpellE\">Center<\/span> for Data Science, New York\nUniversity)<\/span><b style=\"mso-bidi-font-weight:normal\"><span lang=\"EN-GB\" style=\"mso-bidi-font-size:12.0pt\"><\/span><\/b><\/p>\n\n<p class=\"MsoNormal\" style=\"margin-left:2.0in;text-indent:-2.0in;mso-pagination:\nnone;background:#D9D9D9;mso-shading:windowtext;mso-pattern:gray-15 auto\"><b style=\"mso-bidi-font-weight:normal\"><span lang=\"EN-GB\" style=\"mso-bidi-font-size:\n12.0pt\">&nbsp;<\/span><\/b><\/p>\n\n<p class=\"MsoNormal\" style=\"mso-pagination:none\"><b style=\"mso-bidi-font-weight:\nnormal\"><u><span style=\"mso-bidi-font-size:12.0pt;mso-ansi-language:EN-US\"><span style=\"text-decoration:none\">&nbsp;<\/span><\/span><\/u><\/b><\/p>\n\n<p class=\"MsoNormal\" style=\"margin-top:3.0pt;margin-right:0in;margin-bottom:6.0pt;\nmargin-left:0in;mso-pagination:none;page-break-after:avoid\"><b style=\"mso-bidi-font-weight:normal\"><u><span style=\"mso-bidi-font-size:12.0pt;\nmso-ansi-language:EN-US\">PURPOSE OF RESEARCH STUDY: <\/span><\/u><\/b><\/p>\n\n<p class=\"MsoNormal\" style=\"margin-bottom:6.0pt;mso-pagination:none\"><span style=\"mso-bidi-font-size:12.0pt;mso-ansi-language:EN-US\">The goal of the\nproject is to measure what makes particular aspects of language easier or harder\nto learn and understand.<\/span><\/p>\n\n<p class=\"MsoNormal\" style=\"margin-top:3.0pt;margin-right:0in;margin-bottom:6.0pt;\nmargin-left:0in;mso-pagination:none;page-break-after:avoid\"><b style=\"mso-bidi-font-weight:normal\"><u><span style=\"mso-bidi-font-size:12.0pt;\nmso-ansi-language:EN-US\">PROCEDURES:<\/span><\/u><\/b><\/p>\n\n<p class=\"MsoNormal\" style=\"margin-bottom:6.0pt;mso-pagination:none\"><span style=\"mso-bidi-font-size:12.0pt;mso-ansi-language:EN-US\">You will be asked to\nread or listen to language, and answer questions about what you\u2019ve read or\nheard. The sentences may be in English or in a made-up language that you will\nlearn during the experiment. The experiment involves a single session that will\ntake up to an hour; there will be up to five sessions, but most participants\nwill only participate in a single session.<\/span><\/p>\n\n<p class=\"MsoNormal\" style=\"margin-top:3.0pt;margin-right:0in;margin-bottom:6.0pt;\nmargin-left:0in;mso-pagination:none;page-break-after:avoid\"><b style=\"mso-bidi-font-weight:normal\"><u><span style=\"mso-bidi-font-size:12.0pt;\nmso-ansi-language:EN-US\">RISKS\/DISCOMFORTS:<\/span><\/u><\/b><\/p>\n\n<h4 style=\"margin-bottom:6.0pt;mso-pagination:none;page-break-after:auto\">The\nrisks associated with participation in this study are no greater than those\nencountered in daily life.<\/h4>\n\n<p class=\"MsoNormal\" style=\"margin-top:3.0pt;margin-right:0in;margin-bottom:6.0pt;\nmargin-left:0in;mso-pagination:none;page-break-after:avoid\"><b style=\"mso-bidi-font-weight:normal\"><u><span style=\"mso-bidi-font-size:12.0pt;\nmso-ansi-language:EN-US\">BENEFITS:<\/span><\/u><\/b><\/p>\n\n<p class=\"MsoNormal\" style=\"margin-bottom:6.0pt;mso-pagination:none\"><span lang=\"EN-GB\" style=\"mso-bidi-font-size:12.0pt\">There are no direct benefits to\nyou from participating in this study. <\/span><span lang=\"EN-GB\">This study may\nbenefit society if the results lead to a better understanding of what makes\ncertain aspects of language easier or harder to learn and understand.<\/span><\/p>\n\n<p class=\"MsoNormal\" style=\"margin-top:3.0pt;margin-right:0in;margin-bottom:6.0pt;\nmargin-left:0in;mso-pagination:none;page-break-after:avoid\"><b style=\"mso-bidi-font-weight:normal\"><u><span style=\"mso-bidi-font-size:12.0pt;\nmso-ansi-language:EN-US\">VOLUNTARY PARTICIPATION AND RIGHT TO WITHDRAW:<\/span><\/u><\/b><\/p>\n\n<p class=\"MsoNormal\" style=\"margin-bottom:6.0pt;mso-pagination:none\"><span lang=\"EN-GB\" style=\"mso-bidi-font-size:12.0pt\">Your<\/span><span style=\"mso-bidi-font-size:\n12.0pt;mso-ansi-language:EN-US\"> participation in this study is entirely\nvoluntary: You choose whether to participate. If you decide not to participate,\nthere are no penalties, and you will not lose any benefits to which you would\notherwise be entitled.<\/span><\/p>\n\n<p class=\"MsoNormal\" style=\"margin-bottom:6.0pt;mso-pagination:none\"><span style=\"mso-bidi-font-size:12.0pt;mso-ansi-language:EN-US\">If you choose to\nparticipate in the study, you can stop your participation at any time, without\nany penalty or loss of benefits.  <\/span><\/p>\n\n<h6 style=\"margin-top:3.0pt;margin-right:0in;margin-bottom:6.0pt;margin-left:\n0in;mso-pagination:none\">CONFIDENTIALITY:<\/h6>\n\n<p class=\"MsoNormal\" style=\"margin-bottom:6.0pt;mso-pagination:none\"><span lang=\"EN-GB\" style=\"mso-bidi-font-size:12.0pt\">Any study records that identify\nyou will be kept confidential to the extent possible by law. The records from\nyour participation may be reviewed by people responsible for making sure that\nresearch is done properly. Otherwise, records that identify you will be\navailable only to people working on the study, unless you give permission for\nother people to see the records.<\/span><\/p>\n\n<p class=\"MsoNormal\" style=\"margin-bottom:6.0pt;mso-pagination:none\"><span lang=\"EN-GB\" style=\"mso-bidi-font-size:12.0pt\">Any study records that include\nyour name will be kept in a password-protected database. On all records of test <span class=\"GramE\">results<\/span> we will use a code number rather than your name.<\/span><span lang=\"EN-GB\"> <\/span><\/p>\n\n<p class=\"MsoNormal\" style=\"margin-top:3.0pt;margin-right:0in;margin-bottom:6.0pt;\nmargin-left:0in;mso-pagination:none;page-break-after:avoid\"><b style=\"mso-bidi-font-weight:normal\"><u><span lang=\"EN-GB\" style=\"mso-bidi-font-size:\n12.0pt\">COMPENSATION:<\/span><\/u><\/b><\/p>\n\n<p class=\"MsoNormal\" style=\"margin-bottom:6.0pt;mso-pagination:none\"><span lang=\"EN-GB\" style=\"mso-bidi-font-size:12.0pt\">You will receive compensation <\/span><span lang=\"EN-GB\">in proportion to the length of the session.<\/span><\/p>\n\n<p class=\"MsoNormal\" style=\"margin-top:3.0pt;margin-right:0in;margin-bottom:6.0pt;\nmargin-left:0in;mso-pagination:none;page-break-after:avoid\"><b style=\"mso-bidi-font-weight:normal\"><u><span lang=\"EN-GB\" style=\"mso-bidi-font-size:\n12.0pt\">IF YOU HAVE QUESTIONS OR CONCERNS:<\/span><\/u><\/b><\/p>\n\n<p class=\"MsoNormal\" style=\"margin-bottom:6.0pt;mso-pagination:none\"><span lang=\"EN-GB\">You can ask questions about this research study now or at any time\nduring the study, by talking to the researcher(s) working with you or by emailing\n<span class=\"SpellE\">Dr.<\/span> Tal Linzen at linzen@nyu.edu. <\/span><\/p>\n\n<p class=\"MsoNormal\" style=\"margin-bottom:6.0pt;mso-pagination:none\"><span lang=\"EN-GB\" style=\"mso-bidi-font-size:12.0pt\">If you have questions about your\nrights as a research participant or feel that you have not been treated fairly,\nplease <\/span><span style=\"mso-bidi-font-size:12.0pt;mso-ansi-language:EN-US\">contact\nthe NYU Institutional Review Board at <a href=\"mailto:ask.humansubjects@nyu.edu\">ask.humansubjects@nyu.edu<\/a>\nor <b>212.998.4808.<\/b><\/span><\/p>\n<\/div>","DefaultChoices":false,"DataExportTag":"IRB","QuestionType":"DB","Selector":"TB","DataVisibility":{"Private":false,"Hidden":false},"Configuration":{"QuestionDescriptionOption":"UseText"},"QuestionDescription":"Informed Consent Form IRB-FY2020-4512 Title: \u00a0\u00a0\u00a0\u00a0\u00a0\u00a0\u00a0\u00a0\u00a0\u00a0\u00a0\u00a0\u00a0\u00a0\u00a0\u00a0\u00a0\u00a0\u00a0\u00a0\u00a0\u00a0\u00a0\u00a0\u00a0\u00a0\u00a0\u00a0\u00a0\u00a0\u00a0\u00a0\u00a0\u00a0\u00a0\u00a0\u00a0 Sources of Dif...","ChoiceOrder":[],"Validation":{"Settings":{"Type":"None"}},"GradingData":[],"Language":[],"NextChoiceId":4,"NextAnswerId":1,"QuestionID":"QID3"}},{"SurveyID":"SV_9RfCnFkO7qKjVky","Element":"SQ","PrimaryAttribute":"QID42","SecondaryAttribute":"Which of the following describes the two birds? This is an attention check question. Select only...","TertiaryAttribute":null,"Payload":{"QuestionText":"Which of the following describes the two birds? This is an attention check question. Select only the option that mentions two colors.","DataExportTag":"AT1","QuestionType":"MC","Selector":"MAVR","SubSelector":"TX","DataVisibility":{"Private":false,"Hidden":false},"Configuration":{"QuestionDescriptionOption":"UseText"},"QuestionDescription":"Which of the following describes the two birds? This is an attention check question. Select only...","Choices":{"1":{"Display":"Residency versus migration"},"2":{"Display":"Solitary defence versus gregarious flocking"},"3":{"Display":"Predator versus prey"},"4":{"Display":"Green versus black"},"5":{"Display":"None of the above"}},"ChoiceOrder":[1,2,3,4,"5"],"Validation":{"Settings":{"ForceResponse":"ON","ForceResponseType":"ON","Type":"None"}},"Language":[],"NextChoiceId":7,"NextAnswerId":1,"QuestionID":"QID42","Randomization":{"Advanced":{"FixedOrder":["{~Randomized~}","{~Randomized~}","{~Randomized~}","{~Randomized~}","5"],"RandomSubSet":[],"RandomizeAll":["1","2","3","4"],"ScaleReversal":[],"TotalRandSubset":0,"Undisplayed":[]},"ConsistentScaleReversal":false,"EvenPresentation":false,"TotalRandSubset":"","Type":"Advanced"},"GradingData":[{"ChoiceID":"4","Grades":{"SC_7Uw1JTpjXJt3NmS":"1"},"index":0}],"AnalyzeChoices":{"5":"on"}}},{"SurveyID":"SV_9RfCnFkO7qKjVky","Element":"SQ","PrimaryAttribute":"QID44","SecondaryAttribute":"Which of the following are discussed in the attention check? If you are paying attention, select...","TertiaryAttribute":null,"Payload":{"QuestionText":"Which of the following are discussed in the attention check? If you are paying attention, select only \"social structure\".","DefaultChoices":false,"DataExportTag":"AT2","QuestionType":"MC","Selector":"MAVR","SubSelector":"TX","DataVisibility":{"Private":false,"Hidden":false},"Configuration":{"QuestionDescriptionOption":"UseText"},"QuestionDescription":"Which of the following are discussed in the attention check? If you are paying attention, select...","Choices":{"1":{"Display":"Habitat"},"2":{"Display":"Social structure"},"3":{"Display":"Plumage strategy"},"4":{"Display":"Mode of communication"},"5":{"Display":"None of the above"}},"ChoiceOrder":[1,2,3,4,"5"],"Validation":{"Settings":{"ForceResponse":"ON","ForceResponseType":"ON","Type":"None"}},"GradingData":[{"ChoiceID":"3","Grades":{"SC_7Uw1JTpjXJt3NmS":"1"},"index":0}],"Language":[],"NextChoiceId":7,"NextAnswerId":1,"QuestionID":"QID44","AnalyzeChoices":{"5":"on"},"Randomization":{"Advanced":{"FixedOrder":["{~Randomized~}","{~Randomized~}","{~Randomized~}","{~Randomized~}","5"],"RandomSubSet":[],"RandomizeAll":["1","2","3","4"],"ScaleReversal":[],"TotalRandSubset":0,"Undisplayed":[]},"ConsistentScaleReversal":false,"EvenPresentation":false,"TotalRandSubset":"","Type":"Advanced"}}},{"SurveyID":"SV_9RfCnFkO7qKjVky","Element":"SQ","PrimaryAttribute":"QID46","SecondaryAttribute":"Thank you for participating! Your responses have been recorded. Please click the 'End Task' butto...","TertiaryAttribute":null,"Payload":{"QuestionText":"Thank you for participating! Your responses have been recorded.<br>\n<br>\nPlease click the 'End Task' button below to return to Prolific and confirm your completion.<br>\n<br>\n<strong>Do not close this window or use the back button<\/strong> \u2014 your submission is only finalized once you are redirected to Prolific.","DefaultChoices":false,"DataExportTag":"Q31","QuestionType":"DB","Selector":"TB","DataVisibility":{"Private":false,"Hidden":false},"Configuration":{"QuestionDescriptionOption":"UseText"},"QuestionDescription":"Thank you for participating! Your responses have been recorded. Please click the 'End Task' butto...","ChoiceOrder":[],"Validation":{"Settings":{"Type":"None"}},"GradingData":[],"Language":[],"NextChoiceId":4,"NextAnswerId":1,"QuestionID":"QID46"}},{"SurveyID":"SV_9RfCnFkO7qKjVky","Element":"SQ","PrimaryAttribute":"QID49","SecondaryAttribute":"On a scale of 0 (easy) to 10 (difficult), how difficult did you find the passage?","TertiaryAttribute":null,"Payload":{"QuestionText":"On a scale of 0 (easy) to 10 (difficult), how difficult did you find the passage?","DefaultChoices":false,"DataExportTag":"Q34","QuestionType":"SS","Selector":"TA","DataVisibility":{"Private":false,"Hidden":false},"Configuration":{"QuestionDescriptionOption":"UseText"},"QuestionDescription":"On a scale of 0 (easy) to 10 (difficult), how difficult did you find the passage?","Validation":{"Settings":{"ForceResponse":"ON","ForceResponseType":"ON"}},"GradingData":[],"Language":[],"NextChoiceId":12,"NextAnswerId":1,"Category":"Gauges","Scale":"TenGauge","Choices":[{"Display":"0"},{"Display":1},{"Display":2},{"Display":3},{"Display":4},{"Display":5},{"Display":6},{"Display":7},{"Display":8},{"Display":9},{"Display":10}],"QuestionID":"QID49","Direction":"horizontal"}},{"SurveyID":"SV_9RfCnFkO7qKjVky","Element":"SQ","PrimaryAttribute":"QID50","SecondaryAttribute":"Is there anything about the study you found notable or wanted to let us know about? For example:...","TertiaryAttribute":null,"Payload":{"QuestionText":"Is there anything about the study you found notable or wanted to let us know about? For example: comments about the passage and\/or narration, how challenging the questions were, any distractions or technical issues, or anything else.","DefaultChoices":false,"DataExportTag":"Q35","QuestionType":"TE","Selector":"ML","DataVisibility":{"Private":false,"Hidden":false},"Configuration":{"QuestionDescriptionOption":"UseText"},"QuestionDescription":"Is there anything about the study you found notable or wanted to let us know about? For example:...","Validation":{"Settings":{"ForceResponse":"OFF","Type":"None"}},"GradingData":[],"Language":[],"NextChoiceId":4,"NextAnswerId":1,"SearchSource":{"AllowFreeResponse":"false"},"QuestionID":"QID50"}},{"SurveyID":"SV_9RfCnFkO7qKjVky","Element":"SQ","PrimaryAttribute":"QID51","SecondaryAttribute":"On a scale of 0 (easy) to 10 (difficult), how difficult did you find the questions?","TertiaryAttribute":null,"Payload":{"QuestionText":"On a scale of 0 (easy) to 10 (difficult), how difficult did you find the questions?","DefaultChoices":false,"DataExportTag":"Q23","QuestionID":"QID51","QuestionType":"SS","Selector":"TA","DataVisibility":{"Private":false,"Hidden":false},"Configuration":{"QuestionDescriptionOption":"UseText","TextPosition":"above"},"QuestionDescription":"On a scale of 0 (easy) to 10 (difficult), how difficult did you find the questions?","Validation":{"Settings":{"ForceResponse":"ON","ForceResponseType":"ON"}},"GradingData":[],"Language":[],"NextChoiceId":12,"NextAnswerId":1,"Category":"Gauges","Scale":"TenGauge","Choices":[{"Display":"0"},{"Display":1},{"Display":2},{"Display":3},{"Display":4},{"Display":5},{"Display":6},{"Display":7},{"Display":8},{"Display":9},{"Display":10}]}},{"SurveyID":"SV_9RfCnFkO7qKjVky","Element":"SQ","PrimaryAttribute":"QID52","SecondaryAttribute":"Let's ensure your audio is working! Make sure that you can hear the following audio clip, then se...","TertiaryAttribute":null,"Payload":{"QuestionText":"<p>Let's ensure your audio is working!<\/p><p><br><\/p><p>Make sure that you can hear the following audio clip, then select the appropriate answer(s) below.<\/p>\n\n<div style=\"text-align: center;\">\n<audio class=\"qmedia\" controls=\"true\" height=\"40\" preload=\"auto\" width=\"320\"><source src=\"https:\/\/nyu.qualtrics.com\/CP\/File.php?F=F_2hq7EqZGgsafYkS\" type=\"audio\/wav\"><\/audio>\n<\/div>","DefaultChoices":false,"DataExportTag":"audio check","QuestionID":"QID52","QuestionType":"MC","Selector":"MAVR","DataVisibility":{"Private":false,"Hidden":false},"Configuration":{"QuestionDescriptionOption":"UseText","NumColumns":2,"LabelPosition":"BELOW"},"QuestionDescription":"Let's ensure your audio is working! Make sure that you can hear the following audio clip, then se...","Choices":{"4":{"Display":"412"},"5":{"Display":"28"},"6":{"Display":"-356"},"7":{"Display":"7"}},"ChoiceOrder":["4","5","6","7"],"Validation":{"Settings":{"ForceResponse":"ON","ForceResponseType":"ON","Type":"None","MinChoices":"1"}},"GradingData":[],"Language":[],"NextChoiceId":8,"NextAnswerId":1,"SubSelector":"TX"}},{"SurveyID":"SV_9RfCnFkO7qKjVky","Element":"SQ","PrimaryAttribute":"QID53","SecondaryAttribute":"Click 'Start' to begin the experiment.","TertiaryAttribute":null,"Payload":{"QuestionText":"Click 'Start' to begin the experiment.","DefaultChoices":false,"DataExportTag":" ","QuestionID":"QID53","QuestionType":"DB","Selector":"TB","DataVisibility":{"Private":false,"Hidden":false},"Configuration":{"QuestionDescriptionOption":"UseText"},"QuestionDescription":"Click 'Start' to begin the experiment.","ChoiceOrder":[],"Validation":{"Settings":{"Type":"None"}},"GradingData":[],"Language":[],"NextChoiceId":4,"NextAnswerId":1}},{"SurveyID":"SV_9RfCnFkO7qKjVky","Element":"SQ","PrimaryAttribute":"QID56","SecondaryAttribute":"Which of the following statements describe the ashen skreel's plumage? Select all that apply.","TertiaryAttribute":null,"Payload":{"QuestionText":"Which of the following statements describe the ashen skreel's plumage? Select all that apply.","DataExportTag":"QP01","QuestionID":"QID56","QuestionType":"MC","Selector":"MAVR","SubSelector":"TX","QuestionDescription":"Which of the following statements describe the ashen skreel's plumage? Select all that apply.","Choices":{"1":{"Display":"Mostly gray, with a lighter patch at the throat"},"2":{"Display":"Faint streaking along the back"},"3":{"Display":"A reddish wash across the breast"},"4":{"Display":"Rust orange, with a lighter patch at the throat"},"5":{"Display":"None of the above"}},"ChoiceOrder":["1","2","3","4","5"],"Validation":{"Settings":{"ForceResponse":"ON","ForceResponseType":"ON","Type":"None"}},"Language":[],"DataVisibility":{"Private":false,"Hidden":false},"Configuration":{"QuestionDescriptionOption":"UseText"},"NextChoiceId":6,"NextAnswerId":1,"Randomization":{"Advanced":{"FixedOrder":["{~Randomized~}","{~Randomized~}","{~Randomized~}","{~Randomized~}","5"],"RandomSubSet":[],"RandomizeAll":["1","3","2","4"],"ScaleReversal":[],"TotalRandSubset":0,"Undisplayed":[]},"ConsistentScaleReversal":false,"EvenPresentation":false,"TotalRandSubset":"","Type":"Advanced"}}},{"SurveyID":"SV_9RfCnFkO7qKjVky","Element":"SQ","PrimaryAttribute":"QID57","SecondaryAttribute":"Which of the following does the Copperhook finch eat? Select all that apply.","TertiaryAttribute":null,"Payload":{"QuestionText":"Which of the following does the Copperhook finch eat? Select all that apply.","DataExportTag":"QP02","QuestionID":"QID57","QuestionType":"MC","Selector":"MAVR","SubSelector":"TX","QuestionDescription":"Which of the following does the Copperhook finch eat? Select all that apply.","Choices":{"1":{"Display":"Fruit"},"2":{"Display":"Seeds"},"3":{"Display":"Grubs"},"4":{"Display":"Nectar"},"5":{"Display":"None of the above"}},"ChoiceOrder":["1","2","3","4","5"],"Validation":{"Settings":{"ForceResponse":"ON","ForceResponseType":"ON","Type":"None"}},"Language":[],"DataVisibility":{"Private":false,"Hidden":false},"Configuration":{"QuestionDescriptionOption":"UseText"},"NextChoiceId":6,"NextAnswerId":1,"Randomization":{"Advanced":{"FixedOrder":["{~Randomized~}","{~Randomized~}","{~Randomized~}","{~Randomized~}","5"],"RandomSubSet":[],"RandomizeAll":["1","2","3","4"],"ScaleReversal":[],"TotalRandSubset":0,"Undisplayed":[]},"ConsistentScaleReversal":false,"EvenPresentation":false,"TotalRandSubset":"","Type":"Advanced"}}},{"SurveyID":"SV_9RfCnFkO7qKjVky","Element":"SQ","PrimaryAttribute":"QID58","SecondaryAttribute":"Which of the following correctly describes a difference between the two birds? Select all that ap...","TertiaryAttribute":null,"Payload":{"QuestionText":"Which of the following correctly describes a difference between the two birds? Select all that apply.","DataExportTag":"QP03","QuestionID":"QID58","QuestionType":"MC","Selector":"MAVR","SubSelector":"TX","QuestionDescription":"Which of the following correctly describes a difference between the two birds? Select all that ap...","Choices":{"1":{"Display":"The ashen skreel eats carrion, while the Copperhook finch eats seeds"},"2":{"Display":"The ashen skreel is mostly gray, whereas the Copperhook finch is mostly orange"},"3":{"Display":"The Copperhook finch eats seeds, unlike the fruit-eating ashen skreel"},"4":{"Display":"The ashen skreel has black wingtips, while the Copperhook finch has a pale throat"},"5":{"Display":"None of the above"}},"ChoiceOrder":["1","2","3","4","5"],"Validation":{"Settings":{"ForceResponse":"ON","ForceResponseType":"ON","Type":"None"}},"Language":[],"DataVisibility":{"Private":false,"Hidden":false},"Configuration":{"QuestionDescriptionOption":"UseText"},"NextChoiceId":6,"NextAnswerId":1,"Randomization":{"Advanced":{"FixedOrder":["{~Randomized~}","{~Randomized~}","{~Randomized~}","{~Randomized~}","5"],"RandomSubSet":[],"RandomizeAll":["1","2","3","4"],"ScaleReversal":[],"TotalRandSubset":0,"Undisplayed":[]},"ConsistentScaleReversal":false,"EvenPresentation":false,"TotalRandSubset":"","Type":"Advanced"}}},{"SurveyID":"SV_9RfCnFkO7qKjVky","Element":"SQ","PrimaryAttribute":"QID59","SecondaryAttribute":"Which of the following correctly matches the bird to its Latin name? Select all that apply.","TertiaryAttribute":null,"Payload":{"QuestionText":"Which of the following correctly matches the bird to its Latin name? Select all that apply.","DataExportTag":"QP04","QuestionID":"QID59","QuestionType":"MC","Selector":"MAVR","SubSelector":"TX","QuestionDescription":"Which of the following correctly matches the bird to its Latin name? Select all that apply.","Choices":{"1":{"Display":"Ashen skreel -- Fringilla rufa"},"2":{"Display":"Copperhook finch -- Plumbea rufa"},"3":{"Display":"Copperhook finch -- Fringilla vorax"},"4":{"Display":"Ashen skreel -- Plumbea rufa"},"5":{"Display":"None of the above"}},"ChoiceOrder":["1","2","3","4","5"],"Validation":{"Settings":{"ForceResponse":"ON","ForceResponseType":"ON","Type":"None"}},"Language":[],"DataVisibility":{"Private":false,"Hidden":false},"Configuration":{"QuestionDescriptionOption":"UseText"},"NextChoiceId":6,"NextAnswerId":1,"Randomization":{"Advanced":{"FixedOrder":["{~Randomized~}","{~Randomized~}","{~Randomized~}","{~Randomized~}","5"],"RandomSubSet":[],"RandomizeAll":["1","2","3","4"],"ScaleReversal":[],"TotalRandSubset":0,"Undisplayed":[]},"ConsistentScaleReversal":false,"EvenPresentation":false,"TotalRandSubset":"","Type":"Advanced"}}},{"SurveyID":"SV_9RfCnFkO7qKjVky","Element":"SQ","PrimaryAttribute":"QID60","SecondaryAttribute":"Which of the following accurately describes the Copperhook finch's plumage? Select all that apply.","TertiaryAttribute":null,"Payload":{"QuestionText":"Which of the following accurately describes the Copperhook finch's plumage? Select all that apply.","DataExportTag":"QP05","QuestionID":"QID60","QuestionType":"MC","Selector":"MAVR","SubSelector":"TX","QuestionDescription":"Which of the following accurately describes the Copperhook finch's plumage? Select all that apply.","Choices":{"1":{"Display":"A rust-orange body"},"2":{"Display":"Dark tips to the wings"},"3":{"Display":"A bright yellow crest"},"4":{"Display":"Bluish bars across the tail"},"5":{"Display":"None of the above"}},"ChoiceOrder":["1","2","3","4","5"],"Validation":{"Settings":{"ForceResponse":"ON","ForceResponseType":"ON","Type":"None"}},"Language":[],"DataVisibility":{"Private":false,"Hidden":false},"Configuration":{"QuestionDescriptionOption":"UseText"},"NextChoiceId":6,"NextAnswerId":1,"Randomization":{"Advanced":{"FixedOrder":["{~Randomized~}","{~Randomized~}","{~Randomized~}","{~Randomized~}","5"],"RandomSubSet":[],"RandomizeAll":["1","2","3","4"],"ScaleReversal":[],"TotalRandSubset":0,"Undisplayed":[]},"ConsistentScaleReversal":false,"EvenPresentation":false,"TotalRandSubset":"","Type":"Advanced"}}},{"SurveyID":"SV_9RfCnFkO7qKjVky","Element":"SQ","PrimaryAttribute":"QID61","SecondaryAttribute":"Timing","TertiaryAttribute":null,"Payload":{"QuestionText":"Timing","DefaultChoices":false,"DataExportTag":"Q_timing","QuestionID":"QID61","QuestionType":"Timing","Selector":"PageTimer","DataVisibility":{"Private":false,"Hidden":false},"Configuration":{"QuestionDescriptionOption":"UseText","MinSeconds":"0","MaxSeconds":"0"},"QuestionDescription":"Timing","Choices":{"1":{"Display":"First Click"},"2":{"Display":"Last Click"},"3":{"Display":"Page Submit"},"4":{"Display":"Click Count"}},"GradingData":[],"Language":[],"NextChoiceId":20,"NextAnswerId":1}},{"SurveyID":"SV_9RfCnFkO7qKjVky","Element":"STAT","PrimaryAttribute":"Survey Statistics","SecondaryAttribute":null,"TertiaryAttribute":null,"Payload":{"MobileCompatible":true,"ID":"Survey Statistics"}}]}