{"SurveyEntry":{"SurveyID":"SV_bNTpU6x0TndkGge","SurveyName":"QA Pilot v2","SurveyDescription":null,"SurveyOwnerID":"UR_ahLsdD3GA2cMAHs","SurveyBrandID":"nyu","DivisionID":null,"SurveyLanguage":"EN","SurveyActiveResponseSet":"RS_9Zxioor3bm19xZk","SurveyStatus":"Active","SurveyStartDate":"0000-00-00 00:00:00","SurveyExpirationDate":"0000-00-00 00:00:00","SurveyCreationDate":"2026-06-10 17:17:31","CreatorID":"UR_ahLsdD3GA2cMAHs","LastModified":"2026-06-19 09:27:52","LastAccessed":"0000-00-00 00:00:00","LastActivated":"2026-06-10 17:50:35","Deleted":null},"SurveyElements":[{"SurveyID":"SV_bNTpU6x0TndkGge","Element":"BL","PrimaryAttribute":"Survey Blocks","SecondaryAttribute":null,"TertiaryAttribute":null,"Payload":{"1":{"Type":"Trash","Description":"Trash \/ Unused Questions","ID":"BL_0pH07065i0oeCx0","BlockElements":[{"Type":"Question","QuestionID":"QID5"},{"Type":"Question","QuestionID":"QID37"}]},"2":{"Type":"Standard","SubType":"","Description":"Consent","ID":"BL_6gKqiwttuosp4Ym","Options":{"BlockLocking":"false","RandomizeQuestions":"false","BlockVisibility":"Expanded"},"BlockElements":[{"Type":"Question","QuestionID":"QID3"},{"Type":"Question","QuestionID":"QID10"}]},"3":{"Type":"Standard","SubType":"","Description":"Instructions","ID":"BL_9SL6EvKQsz1N9P0","BlockElements":[{"Type":"Question","QuestionID":"QID16"}],"Options":{"BlockLocking":"false","RandomizeQuestions":"false","BlockVisibility":"Expanded"}},"4":{"Type":"Standard","SubType":"","Description":"Reading trial","ID":"BL_3pUIE2wY593YFU2","BlockElements":[{"Type":"Question","QuestionID":"QID29"},{"Type":"Question","QuestionID":"QID17"}],"Options":{"BlockLocking":"false","RandomizeQuestions":"false","BlockVisibility":"Expanded"}},"9":{"Type":"Standard","SubType":"","Description":"Birds MCQs - Jun 3, 2026","ID":"BL_3soF9xKmMhUAiJU","BlockElements":[{"Type":"Question","QuestionID":"QID25"},{"Type":"Question","QuestionID":"QID28"},{"Type":"Question","QuestionID":"QID42"},{"Type":"Question","QuestionID":"QID21"},{"Type":"Question","QuestionID":"QID22"},{"Type":"Question","QuestionID":"QID23"},{"Type":"Question","QuestionID":"QID24"},{"Type":"Question","QuestionID":"QID19"},{"Type":"Question","QuestionID":"QID20"},{"Type":"Question","QuestionID":"QID26"},{"Type":"Question","QuestionID":"QID44"},{"Type":"Question","QuestionID":"QID27"}],"Options":{"BlockLocking":"false","RandomizeQuestions":"false","BlockVisibility":"Expanded","PreviousButton":"Previous","previousButtonMID":"","NextButton":"Next","nextButtonMID":"","previousButtonLibraryID":"","nextButtonLibraryID":""}},"10":{"Type":"Standard","SubType":"","Description":"Debrief","ID":"BL_7X1hg9FqqNpAZg2","BlockElements":[{"Type":"Question","QuestionID":"QID46"}]},"11":{"Type":"Standard","SubType":"","Description":"Feedback","ID":"BL_dpwpOFCj4XQ5jcW","BlockElements":[{"Type":"Question","QuestionID":"QID49"},{"Type":"Question","QuestionID":"QID51"},{"Type":"Question","QuestionID":"QID50"}]}}},{"SurveyID":"SV_bNTpU6x0TndkGge","Element":"FL","PrimaryAttribute":"Survey Flow","SecondaryAttribute":null,"TertiaryAttribute":null,"Payload":{"Type":"Root","FlowID":"FL_1","Flow":[{"Type":"EmbeddedData","FlowID":"FL_13","EmbeddedData":[{"Description":"assigned_doc","Type":"Recipient","Field":"assigned_doc","VariableType":"String","DataVisibility":[],"AnalyzeText":false},{"Description":"reading_rt","Type":"Recipient","Field":"reading_rt","VariableType":"String","DataVisibility":[],"AnalyzeText":false},{"Description":"reading_completed","Type":"Recipient","Field":"reading_completed","VariableType":"String","DataVisibility":[],"AnalyzeText":false},{"Description":"PROLIFIC_PID","Type":"Recipient","Field":"PROLIFIC_PID","VariableType":"String","DataVisibility":[],"AnalyzeText":false},{"Description":"STUDY_ID","Type":"Recipient","Field":"STUDY_ID","VariableType":"String","DataVisibility":[],"AnalyzeText":false},{"Description":"SESSION_ID","Type":"Recipient","Field":"SESSION_ID","VariableType":"String","DataVisibility":[],"AnalyzeText":false},{"Description":"reading_time","Type":"Custom","Field":"reading_time","VariableType":"String","DataVisibility":[],"AnalyzeText":false,"Value":"5"}]},{"Type":"Branch","FlowID":"FL_27","Description":"New Branch","BranchLogic":{"0":{"0":{"LogicType":"EmbeddedField","LeftOperand":"assigned_doc","Operator":"DoesNotContain","RightOperand":"_","_HiddenExpression":false,"Type":"Expression","Description":"<span class=\"ConjDesc\">If<\/span> <span class=\"LeftOpDesc\">assigned_doc<\/span> <span class=\"OpDesc\">Does Not Contain<\/span> <span class=\"RightOpDesc\"> _ <\/span>"},"1":{"LogicType":"EmbeddedField","LeftOperand":"assigned_doc","Operator":"Contains","RightOperand":"_easier","_HiddenExpression":false,"Type":"Expression","Description":"<span class=\"ConjDesc\">Or<\/span> <span class=\"LeftOpDesc\">assigned_doc<\/span> <span class=\"OpDesc\">Contains<\/span> <span class=\"RightOpDesc\"> _easier <\/span>","Conjuction":"Or"},"2":{"LogicType":"EmbeddedField","LeftOperand":"assigned_doc","Operator":"Contains","RightOperand":"_listed","_HiddenExpression":false,"Type":"Expression","Description":"<span class=\"ConjDesc\">Or<\/span> <span class=\"LeftOpDesc\">assigned_doc<\/span> <span class=\"OpDesc\">Contains<\/span> <span class=\"RightOpDesc\"> _listed <\/span>","Conjuction":"Or"},"Type":"If"},"Type":"BooleanExpression"},"Flow":[{"Type":"EmbeddedData","FlowID":"FL_28","EmbeddedData":[{"Description":"reading_time","Type":"Custom","Field":"reading_time","VariableType":"String","DataVisibility":[],"AnalyzeText":false,"Value":"2"}]}]},{"Type":"Block","ID":"BL_6gKqiwttuosp4Ym","FlowID":"FL_7","Autofill":[]},{"Type":"Branch","FlowID":"FL_23","Description":"New Branch","BranchLogic":{"0":{"0":{"LogicType":"Question","QuestionID":"QID10","QuestionIsInLoop":"no","ChoiceLocator":"q:\/\/QID10\/SelectableChoice\/2","Operator":"Selected","QuestionIDFromLocator":"QID10","LeftOperand":"q:\/\/QID10\/SelectableChoice\/2","Type":"Expression","Description":"<span class=\"ConjDesc\">If<\/span> <span class=\"QuestionDesc\">Do you consent to participate in this study?<\/span> <span class=\"LeftOpDesc\">I do not consent<\/span> <span class=\"OpDesc\">Is Selected<\/span> "},"Type":"If"},"Type":"BooleanExpression"},"Flow":[{"Type":"EndSurvey","FlowID":"FL_24","EndingType":"Advanced","Options":{"Advanced":"true","SurveyTermination":"Redirect","EOSRedirectURL":"https:\/\/app.prolific.com\/submissions\/complete?cc=C9VPCU0Y","ResponseFlag":"Screened"}}]},{"Type":"Standard","ID":"BL_9SL6EvKQsz1N9P0","FlowID":"FL_8","Autofill":[]},{"Type":"Standard","ID":"BL_3pUIE2wY593YFU2","FlowID":"FL_9","Autofill":[]},{"Type":"Standard","ID":"BL_3soF9xKmMhUAiJU","FlowID":"FL_16","Autofill":[]},{"Type":"Standard","ID":"BL_dpwpOFCj4XQ5jcW","FlowID":"FL_26","Autofill":[]},{"Type":"Standard","ID":"BL_7X1hg9FqqNpAZg2","FlowID":"FL_17","Autofill":[]},{"Type":"Branch","FlowID":"FL_21","Description":"New Branch","BranchLogic":{"0":{"0":{"LogicType":"Question","QuestionID":"QID42","QuestionIsInLoop":"no","ChoiceLocator":"q:\/\/QID42\/SelectableChoice\/4","Operator":"NotSelected","QuestionIDFromLocator":"QID42","LeftOperand":"q:\/\/QID42\/SelectableChoice\/4","Type":"Expression","Description":"<span class=\"ConjDesc\">If<\/span> <span class=\"QuestionDesc\">Earlier you read about two birds. To confirm you are paying attention, ignore the species details...<\/span> <span class=\"LeftOpDesc\">Gold versus green<\/span> <span class=\"OpDesc\">Is Not Selected<\/span> "},"1":{"LogicType":"Question","QuestionID":"QID44","QuestionIsInLoop":"no","ChoiceLocator":"q:\/\/QID44\/SelectableChoice\/3","Operator":"NotSelected","QuestionIDFromLocator":"QID44","LeftOperand":"q:\/\/QID44\/SelectableChoice\/3","Type":"Expression","Description":"<span class=\"ConjDesc\">Or<\/span> <span class=\"QuestionDesc\">The passage ends by listing several axes along which the two birds diverge. Which of these is nam...<\/span> <span class=\"LeftOpDesc\">Plumage strategy<\/span> <span class=\"OpDesc\">Is Not Selected<\/span> ","Conjuction":"Or"},"Type":"If"},"Type":"BooleanExpression"},"Flow":[{"Type":"EndSurvey","FlowID":"FL_20","EndingType":"Advanced","Options":{"Advanced":"true","SurveyTermination":"Redirect","EOSRedirectURL":"https:\/\/app.prolific.com\/submissions\/complete?cc=C111B5WI","CountQuotas":"No","ResponseFlag":"PoorQuality"}}]},{"Type":"EndSurvey","FlowID":"FL_19","EndingType":"Advanced","Options":{"Advanced":"true","SurveyTermination":"Redirect","EOSRedirectURL":"https:\/\/app.prolific.com\/submissions\/complete?cc=CMFQ702S","ResponseFlag":"Complete"}}],"Properties":{"Count":28}}},{"SurveyID":"SV_bNTpU6x0TndkGge","Element":"PL","PrimaryAttribute":"Preview Link","SecondaryAttribute":null,"TertiaryAttribute":null,"Payload":{"PreviewType":"Brand","PreviewID":"8f4c6193-d319-4927-a81c-1bc830b7b00a"}},{"SurveyID":"SV_bNTpU6x0TndkGge","Element":"PROJ","PrimaryAttribute":"CORE","SecondaryAttribute":null,"TertiaryAttribute":"1.1.0","Payload":{"ProjectCategory":"CORE","SchemaVersion":"1.1.0"}},{"SurveyID":"SV_bNTpU6x0TndkGge","Element":"QC","PrimaryAttribute":"Survey Question Count","SecondaryAttribute":"51","TertiaryAttribute":null,"Payload":null},{"SurveyID":"SV_bNTpU6x0TndkGge","Element":"RS","PrimaryAttribute":"RS_9Zxioor3bm19xZk","SecondaryAttribute":null,"TertiaryAttribute":null,"Payload":null},{"SurveyID":"SV_bNTpU6x0TndkGge","Element":"SCO","PrimaryAttribute":"Scoring","SecondaryAttribute":null,"TertiaryAttribute":null,"Payload":{"ScoringCategories":[{"ID":"SC_7Uw1JTpjXJt3NmS","Name":"Score","Description":""}],"ScoringCategoryGroups":[],"DefaultScoringCategory":"SC_7Uw1JTpjXJt3NmS","ScoringSummaryCategory":null,"ScoringSummaryAfterQuestions":0,"ScoringSummaryAfterSurvey":0,"AutoScoringCategory":null}},{"SurveyID":"SV_bNTpU6x0TndkGge","Element":"SO","PrimaryAttribute":"Survey Options","SecondaryAttribute":null,"TertiaryAttribute":null,"Payload":{"BackButton":"false","SaveAndContinue":"false","SurveyProtection":"PublicSurvey","BallotBoxStuffingPrevention":"false","NoIndex":"Yes","SecureResponseFiles":"true","SurveyExpiration":"None","SurveyTermination":"Redirect","Header":"<script src=\"https:\/\/unpkg.com\/jspsych@7.3.4\"><\/script> <script src=\"https:\/\/unpkg.com\/@jspsych\/plugin-html-keyboard-response@1.1.3\"><\/script>","Footer":"","ProgressBarDisplay":"Text","PartialData":"+1 hour","ValidationMessage":null,"PreviousButton":" \u2190 ","NextButton":" \u2192 ","SurveyTitle":"Reading comprehension study","SkinLibrary":"nyu","SkinType":"templated","Skin":{"brandingId":null,"templateId":"*modern","overrides":{"contrast":1,"layout":{"spacing":0},"font":{"family":"georgia, serif"}}},"NewScoring":1,"SurveyMetaDescription":"Read a passage and answer some quesetions about it.","Autofocus":false,"Autoadvance":false,"AutoadvancePages":false,"QuestionsPerPage":"","PageTransition":"none","EOSMessage":null,"ShowExportTags":"false","CollectGeoLocation":"false","PasswordProtection":"No","AnonymizeResponse":"No","RefererCheck":"No","BallotBoxStuffingPreventionBehavior":null,"BallotBoxStuffingPreventionMessage":null,"BallotBoxStuffingPreventionMessageLibrary":null,"BallotBoxStuffingPreventionURL":null,"RecaptchaV3":"false","ConfirmStart":false,"AutoConfirmStart":false,"RelevantID":"false","RelevantIDLockoutPeriod":"+30 days","UseCustomSurveyLinkCompletedMessage":null,"SurveyLinkCompletedMessage":null,"SurveyLinkCompletedMessageLibrary":null,"ResponseSummary":"No","EOSMessageLibrary":null,"EOSRedirectURL":"https:\/\/app.prolific.com\/submissions\/complete?cc=CMFQ702S","EmailThankYou":"false","ThankYouEmailMessageLibrary":null,"ThankYouEmailMessage":null,"ValidateMessage":"false","ValidationMessageLibrary":null,"InactiveSurvey":"DefaultMessage","PartialDeletion":null,"PartialDataCloseAfter":"LastActivity","InactiveMessageLibrary":null,"InactiveMessage":null,"AvailableLanguages":{"EN":[]},"headerMid":"","SurveyName":"QA Pilot v2","ProtectSelectionIds":true}},{"SurveyID":"SV_bNTpU6x0TndkGge","Element":"SQ","PrimaryAttribute":"QID10","SecondaryAttribute":"Do you consent to participate in this study?","TertiaryAttribute":null,"Payload":{"QuestionText":"Do you consent to participate in this study?","DefaultChoices":false,"DataExportTag":"Q8","QuestionType":"MC","Selector":"SAVR","SubSelector":"TX","DataVisibility":{"Private":false,"Hidden":false},"Configuration":{"QuestionDescriptionOption":"UseText"},"QuestionDescription":"Do you consent to participate in this study?","Choices":{"1":{"Display":"I consent"},"2":{"Display":"I do not consent"}},"ChoiceOrder":[1,2],"Validation":{"Settings":{"ForceResponse":"ON","ForceResponseType":"ON","Type":"None"}},"GradingData":[],"Language":[],"NextChoiceId":3,"NextAnswerId":1,"QuestionID":"QID10"}},{"SurveyID":"SV_bNTpU6x0TndkGge","Element":"SQ","PrimaryAttribute":"QID16","SecondaryAttribute":"Instructions You will have ${e:\/\/Field\/reading_time} minutes to read a passage of text. When the...","TertiaryAttribute":null,"Payload":{"QuestionText":"<h2>Instructions<\/h2>\nYou will have ${e:\/\/Field\/reading_time} minutes to read a passage of text. When the time is up, the passage will disappear and you will not be able to refer back to it.<br><br>You will then answer some questions about the contents of the passage. Do your best to answer accurately, but don't worry if you are unsure about any answers; some questions may be more difficult to answer than others.<br>\n<br>\n<strong>A few things to note:<\/strong>\n\n<ul>\n\t<li>Please complete this task in one sitting without switching tabs, writing anything down, or&nbsp;using outside resources.<\/li><li>Once the passage disappears, you will not be able to see it again.<\/li>\n<\/ul>\nClick Next when you are ready to begin reading. The ${e:\/\/Field\/reading_time}-minute timer will start immediately.<br type=\"_moz\">\n&nbsp;","DefaultChoices":false,"DataExportTag":"intro","QuestionType":"DB","Selector":"TB","DataVisibility":{"Private":false,"Hidden":false},"Configuration":{"QuestionDescriptionOption":"UseText"},"QuestionDescription":"Instructions You will have ${e:\/\/Field\/reading_time} minutes to read a passage of text. When the...","ChoiceOrder":[],"Validation":{"Settings":{"Type":"None"}},"GradingData":[],"Language":[],"NextChoiceId":4,"NextAnswerId":1,"QuestionID":"QID16"}},{"SurveyID":"SV_bNTpU6x0TndkGge","Element":"SQ","PrimaryAttribute":"QID17","SecondaryAttribute":"Loading...","TertiaryAttribute":null,"Payload":{"QuestionText":"Loading...","DefaultChoices":false,"DataExportTag":"Trial","QuestionType":"DB","Selector":"TB","DataVisibility":{"Private":false,"Hidden":false},"Configuration":{"QuestionDescriptionOption":"UseText"},"QuestionDescription":"Loading...","ChoiceOrder":[],"Validation":{"Settings":{"Type":"None"}},"GradingData":[],"Language":[],"NextChoiceId":4,"NextAnswerId":1,"QuestionID":"QID17","QuestionJS":"\/\/ Qualtrics question JS for the timed, non-selectable reading trial.\n\/\/ Question type: Text\/Graphic (Descriptive Text). Paste this into the question's JavaScript pane.\n\/\/\n\/\/ Prerequisites in the Qualtrics survey:\n\/\/   - Look-and-Feel > Header: <script src=\"https:\/\/unpkg.com\/jspsych@7.3.4\/dist\/jspsych.js\"><\/script>\n\/\/                              <script src=\"https:\/\/unpkg.com\/@jspsych\/plugin-html-keyboard-response@1.1.3\/dist\/index.js\"><\/script>\n\/\/     NOTE: do NOT load jspsych.css \u2014 it overrides Qualtrics fonts\/colours.\n\/\/     The passage uses `font: inherit; color: inherit` to follow the survey theme.\n\/\/   - Survey Flow has an Embedded Data block declaring: assigned_doc, reading_rt, reading_completed\n\/\/   - Replace STIMULI below with output from build_stimuli.py (var STIMULI = {...};)\n\nQualtrics.SurveyEngine.addOnload(function () {\n    var qthis = this;\n\n    \/\/ --- inlined stimuli (paste over with build_stimuli.py output) ---\nvar STIMULI = {\n  birds: {\n    title: \"Birds passage\",\n    text: \"The Ashvane crestling (<em>Loxica murina<\/em>) inhabits the temperate cloud forests of upland river valleys, where it forages along mossy branches for beetle larvae and the soft pith of decaying ferns. Adults measure roughly eighteen centimeters from beak to tail and are distinguished by a slate-grey plumage that pales to dove-white across the underbelly, an adaptation believed to provide countershading against predators viewing from below. Its most conspicuous feature is a retractable cartilaginous crest, ordinarily folded flat against the skull and raised only during territorial display or courtship, when it flushes a faint rose colour from engorged blood vessels. The crestling is largely sedentary, defending a fixed territory year-round, and produces a low, two-note call that carries poorly through dense foliage\u2014a trait thought to be related to its reliance on close-range visual signalling rather than song.\\nThe Pellucid sunwhistle (<em>Aetheria vitrea<\/em>), by contrast, is a migratory species that inhabits open coastal scrubland and is both smaller and more graceful, averaging eleven centimeters with disproportionately long, pointed wings suited to sustained gliding flight. Where the crestling is muted and cryptic, the sunwhistle is brilliantly conspicuous: its dorsal feathers demonstrate a structural iridescence that shifts from gold to green with the viewing angle, and the species is named for its translucent outer primary feathers, which lack pigment and transmit light at the wingtips. It is highly gregarious, travelling in flocks of several hundred and communicating through an elaborate, far-carrying whistled song as opposed to the crestling's intimate visual displays.\",\n    timer_seconds: 120,\n  },\n  birds_easier: {\n    title: \"Birds passage\",\n    text: \"Picture two contrasting birds: the Ashvane crestling (<em>Loxica murina<\/em>), the muted, stay-at-home one, and the pellucid sunwhistle (<em>Aetheria vitrea<\/em>), the bright, far-roaming one.\\nTake the crestling first. It is the larger bird, near eighteen centimetres. It lives in the cloud forests of upland river valleys. It stays put, holding one fixed territory all year. Its plumage is slate-grey, paling to dove-white on its belly, which hides it from predators looking up. It feeds along mossy branches on beetle larvae and the pith of decaying ferns. Its low two-note call does not carry far through the leaves, so it mostly communicates over short distances through visual signals rather than song. Its standout trait is a crest made out of cartilage that it can raise and lower; normally folded flat, it is flushed rose as the blood vessels swell during display.\\nNext, the sunwhistle: it is the smaller bird, near eleven centimetres. It lives in open coastal scrubland. It travels, migrating in large flocks of several hundred. Its plumage is iridescent, shifting from gold to green with the angle. It flies on long, pointed wings built for gliding. It communicates well across distance, with a loud, far-carrying whistled song. Its standout trait, and its namesake, is a set of clear outer wing feathers \u2014 its primaries \u2014 that have no pigment and let light pass through at the tips.\\nThe crestling is the big, grey, quiet bird of the forest. The sunwhistle is the small, shining, far-ranging bird of the coast.\",\n    timer_seconds: 120,\n  },\n  birds_listed: {\n    title: \"Birds passage\",\n    text: \"At roughly eleven centimetres the pellucid sunwhistle (<em>Aetheria vitrea<\/em>) is smaller and more graceful compared to the Ashvane crestling (<em>Loxica murina<\/em>), which is the larger at some eighteen centimetres. The crestling keeps to its habitat of temperate cloud forests of upland river valleys, whereas the sunwhistle ranges instead across open coastal scrubland. The sunwhistle is migratory, carried on disproportionately long, pointed wings that are suited to sustained gliding flight, while the crestling is sedentary, defending a single fixed territory the year round. The crestling is slate-grey above and pales to dove-white across the underbelly, a gradient believed to countershade it against predators viewing from below, whereas the sunwhistle is brilliantly conspicuous, its dorsal feathers displaying a structural iridescence that shifts from gold to green with the viewing angle. Compared to the sunwhistle, which is highly gregarious and travels in flocks of several hundred, the crestling forages alone along mossy branches for beetle larvae and the soft pith of decaying ferns. The crestling produces a low, two-note call that carries poorly through dense foliage and therefore leans on close-range visual signalling rather than song, whereas the sunwhistle communicates instead through an elaborate, far-carrying whistled song. The sunwhistle takes its name from its translucent outer primary feathers, which lack pigment and transmit light at the wingtips; in contrast, the crestling's signature is a retractable cartilaginous crest, ordinarily folded flat against the skull and raised only during territorial display or courtship, when engorged blood vessels flush it a faint rose.\",\n    timer_seconds: 120,\n  },\n  birds_repeat: {\n    title: \"Birds passage\",\n    text: 'The Ashvane crestling (<em>Loxica murina<\/em>) inhabits the temperate cloud forests of upland river valleys, a cool, mist-laden habitat whose canopy stays damp and green throughout the year. It forages along mossy branches for beetle larvae, such as the young of the bark beetle, and also eats the soft pith of decaying ferns. Adults measure roughly eighteen centimeters from beak to tail and are distinguished by a slate-grey plumage that pales to dove-white across the underbelly, an adaptation believed to provide countershading against predators viewing from below. The grey colour offsets the shadowed canopy seen from above, just as the pale belly blends into the brighter sky below, so that from neither angle does the bird present a solid outline. Its most conspicuous feature is a retractable cartilaginous crest, ordinarily folded flat against the skull and raised only during territorial display or courtship, when it flushes a faint rose colour from engorged blood vessels. This crest is what gives the crestling its name. The pinkish tint of the crest results purely from increased blood flow, not pigment or feather structure, and it fades as quickly as it rises once the vessels empty again. The crestling is largely sedentary; it defends a fixed territory year-round and builds its nest in the same stretch of forest from one season to the next, driving off any rival that intrudes upon it. It produces a low, two-note call that carries poorly through dense foliage\u2014a trait thought to be related to its reliance on close-range visual signalling rather than song. Because that faint call is lost among the leaves before it travels far, the bird leans on what it can show at close range rather than on what might be heard through its song.\\nThe Pellucid sunwhistle (<em>Aetheria vitrea<\/em>), by contrast, is a migratory species that inhabits open coastal scrubland, an exposed, windswept terrain it abandons entirely on its seasonal migrations. It is both smaller and more graceful, averaging eleven centimeters with disproportionately long, pointed wings suited to sustained gliding flight. Its small size keeps it light enough to ride air currents for hours on those outsized wings, covering long distances with barely a wingbeat. Where the crestling is muted and cryptic, the sunwhistle is brilliantly conspicuous: its dorsal feathers demonstrate a structural iridescence that shifts from gold to green with the viewing angle, and the species is named for its translucent outer primary feathers, which lack pigment and transmit light at the wingtips. Both its names mark that translucence: pellucid means \"letting light through,\" and vitrea, \"glassy.\" It is highly gregarious, travelling in flocks of several hundred and communicating through an elaborate, far-carrying whistled song as opposed to the crestling\\'s intimate visual displays. That song is what names it a sunwhistle\u2014a clear, whistled phrase that carries across open scrub far better than any call could through forest, keeping the scattered flock in contact over distance.',\n    timer_seconds: 300,\n  },\n  birds_distractors: {\n    title: \"Birds passage\",\n    text: \"The Ashvane crestling (<em>Loxica murina<\/em>) inhabits the temperate cloud forests of upland river valleys, where it forages along mossy branches for beetle larvae and the soft pith of decaying ferns. Breeding pairs build a shallow cup nest of lichen and rootlets, typically wedged in a forking branch three to four metres above the ground, and the female lays a clutch of two pale buff eggs that she incubates alone for nineteen days. Adults measure roughly eighteen centimeters from beak to tail and are distinguished by a slate-grey plumage that pales to dove-white across the underbelly, an adaptation believed to provide countershading against predators viewing from below. A narrow chestnut band crosses the secondary covert feathers, and the legs are a dull olive. Its most conspicuous feature is a retractable cartilaginous crest, ordinarily folded flat against the skull and raised only during territorial display or courtship, when it flushes a faint rose colour from engorged blood vessels. The crestling is largely sedentary, defending a fixed territory year-round, and produces a low, two-note call that carries poorly through dense foliage\u2014a trait thought to be related to its reliance on close-range visual signalling rather than song. Ringed individuals have been recorded living as long as eleven years in the wild.\\nThe Ashmere reedcrest (<em>Loxica torquata<\/em>) occupies lowland river deltas and reed-fringed estuaries, foraging at the water's edge for seeds, fallen berries, and soft-bodied invertebrates such as snails and worms gleaned from the mud. It measures about fourteen centimetres and is only partially migratory, dispersing to higher ground in winter rather than undertaking a long-haul passage. The reedcrest bears a permanent, forward-curving crest of stiff black feathers and an iridescent violet throat patch produced by feather microstructure rather than pigment. It both sings a rich warbling phrase and signals visually with a flicked wing, moves in small family parties of six to ten, lays three or four eggs in a domed reed nest, and rarely outlives seven years.\\nThe Pellucid sunwhistle (<em>Aetheria vitrea<\/em>) is a migratory species that inhabits open coastal scrubland and is the smallest and most graceful, averaging eleven centimetres with disproportionately long, pointed wings suited to sustained gliding flight. Its annual passage between wintering mudflats and inland breeding heath spans some two thousand kilometres, completed in a single overnight flight. Where the crestling is muted and cryptic, the sunwhistle is brilliantly conspicuous: its dorsal feathers demonstrate a structural iridescence that shifts from gold to green with the viewing angle, and the species is named for its translucent outer primary feathers, which lack pigment and transmit light at the wingtips. Both sexes carry a thin scarlet eye-ring, while juveniles stay a plain sandy brown until their second moult. It is highly gregarious, travelling in flocks of several hundred and communicating through an elaborate, far-carrying whistled song as opposed to the crestling's intimate visual displays. Flocks roost communally in dense coastal gorse and drink seawater, which they excrete through specialised nasal glands. Merlins and coastal harriers are their chief predators.\",\n    timer_seconds: 300,\n  },\n};\n    var docId = \"${e:\/\/Field\/assigned_doc}\";\n\n    var doc = STIMULI[docId];\n    if (!doc || !doc.text) {\n        qthis.getQuestionContainer().innerHTML =\n            \"<p>Configuration error: missing stimulus for doc=\" + docId + \". Please return this study on Prolific.<\/p>\";\n        return;\n    }\n\n    var passage = doc.text;\n    var seconds = parseInt(doc.timer_seconds, 10);\n\n    \/\/ Hide Qualtrics Next button while reading.\n    qthis.hideNextButton();\n\n    \/\/ Mount jsPsych container.\n    var container = qthis.getQuestionContainer();\n    container.innerHTML = '<div id=\"jspsych-target\"><\/div>';\n\n    \/\/ Block copy \/ right-click \/ common shortcuts at document level for this trial.\n    var blockKeys = function (e) {\n        var k = e.key ? e.key.toLowerCase() : \"\";\n        if ((e.ctrlKey || e.metaKey) && [\"c\", \"a\", \"x\", \"p\", \"s\", \"u\"].indexOf(k) !== -1) {\n            e.preventDefault();\n        }\n        if (e.key === \"F12\" || e.key === \"PrintScreen\") {\n            e.preventDefault();\n        }\n    };\n    var blockCopy = function (e) { e.preventDefault(); };\n    var blockContext = function (e) { e.preventDefault(); };\n\n    document.addEventListener(\"keydown\", blockKeys, true);\n    document.addEventListener(\"copy\", blockCopy, true);\n    document.addEventListener(\"contextmenu\", blockContext, true);\n    document.addEventListener(\"dragstart\", blockContext, true);\n\n    var jsPsych = initJsPsych({\n        display_element: \"jspsych-target\",\n        on_finish: function () {\n            \/\/ Restore handlers.\n            document.removeEventListener(\"keydown\", blockKeys, true);\n            document.removeEventListener(\"copy\", blockCopy, true);\n            document.removeEventListener(\"contextmenu\", blockContext, true);\n            document.removeEventListener(\"dragstart\", blockContext, true);\n\n            var rt = jsPsych.data.get().values()[0].rt;\n            Qualtrics.SurveyEngine.setEmbeddedData(\"reading_rt\", rt);\n            Qualtrics.SurveyEngine.setEmbeddedData(\"reading_completed\", \"true\");\n            qthis.clickNextButton();\n        }\n    });\n\n    \/\/ font\/color: inherit overrides jspsych.css so the passage matches the\n    \/\/ Qualtrics Look-and-Feel theme. Remove if jspsych.css is not loaded in\n    \/\/ the survey header (in which case inheritance works automatically).\n    var passageStyle =\n        \"user-select: none; -webkit-user-select: none; -ms-user-select: none; \" +\n        \"-moz-user-select: none; cursor: default; max-width: 720px; margin: 0 auto;\" +\n\t\t\"line-height: 1.6; font-size: 22px;\";\n\n\tvar passagePStyle = \"margin-top: 0; margin-bottom: 1em;\";\n    var html =\n        '<div id=\"reading-timer\" style=\"text-align:center; font-weight:bold; margin-bottom: 12px;\"><\/div>' +\n        '<div style=\"' + passageStyle + '\" ' +\n        'oncopy=\"return false\" oncontextmenu=\"return false\" ondragstart=\"return false\" onselectstart=\"return false\">' +\n        passage.split(\"\\n\").map(function (p) { return \"<p style='\" + passagePStyle + \"'>\" + p + \"<\/p>\"; }).join(\"\") +        '<\/div>';\n\n    var timeline = [{\n        type: jsPsychHtmlKeyboardResponse,\n        stimulus: html,\n        choices: \"NO_KEYS\",\n        trial_duration: seconds * 1000,\n        on_load: function () {\n            var remaining = seconds;\n            var el = document.getElementById(\"reading-timer\");\n            el.textContent = \"Time remaining: \" + remaining + \"s\";\n            var iv = setInterval(function () {\n                remaining -= 1;\n                if (remaining <= 0) {\n                    clearInterval(iv);\n                    el.textContent = \"Time's up.\";\n                } else {\n                    el.textContent = \"Time remaining: \" + remaining + \"s\";\n                }\n            }, 1000);\n        }\n    }];\n\n    jsPsych.run(timeline);\n});\n\nQualtrics.SurveyEngine.addOnUnload(function () {\n    \/\/ No-op; cleanup handled in on_finish.\n});"}},{"SurveyID":"SV_bNTpU6x0TndkGge","Element":"SQ","PrimaryAttribute":"QID19","SecondaryAttribute":"Select all statements that are true.","TertiaryAttribute":null,"Payload":{"QuestionText":"Select all statements that are true.","DataExportTag":"Q07","QuestionID":"QID19","QuestionType":"MC","Selector":"MAVR","SubSelector":"TX","QuestionDescription":"Select all statements that are true.","Choices":{"6":{"Display":"The crestling inhabits cloud forests of upland river valleys."},"7":{"Display":"The sunwhistle inhabits open coastal scrubland."},"8":{"Display":"The crestling is a migratory species."},"9":{"Display":"The sunwhistle defends a fixed territory year-round."},"10":{"Display":"None of the above"}},"ChoiceOrder":["6","7","8","9","10"],"Validation":{"Settings":{"ForceResponse":"ON","ForceResponseType":"ON","Type":"None"}},"Language":[],"DataVisibility":{"Private":false,"Hidden":false},"Configuration":{"QuestionDescriptionOption":"UseText"},"NextChoiceId":12,"NextAnswerId":1,"Randomization":{"Advanced":{"FixedOrder":["{~Randomized~}","{~Randomized~}","{~Randomized~}","{~Randomized~}","10"],"RandomSubSet":[],"RandomizeAll":["6","7","8","9"],"ScaleReversal":[],"TotalRandSubset":0,"Undisplayed":[]},"ConsistentScaleReversal":false,"EvenPresentation":false,"TotalRandSubset":"","Type":"Advanced"},"GradingData":[],"RecodeValues":{"6":"1","7":"2","8":"3","9":"4","10":"5"}}},{"SurveyID":"SV_bNTpU6x0TndkGge","Element":"SQ","PrimaryAttribute":"QID20","SecondaryAttribute":"Select all statements that are true.","TertiaryAttribute":null,"Payload":{"QuestionText":"Select all statements that are true.","DataExportTag":"Q08","QuestionID":"QID20","QuestionType":"MC","Selector":"MAVR","SubSelector":"TX","QuestionDescription":"Select all statements that are true.","Choices":{"1":{"Display":"Of the two birds, the sunwhistle is the smaller, at about 11 cm."},"2":{"Display":"The crestling is roughly 18 cm from beak to tail."},"3":{"Display":"The crestling is built for sustained gliding on long, narrow wings."},"4":{"Display":"The sunwhistle is larger than the crestling."},"5":{"Display":"None of the above"}},"ChoiceOrder":[1,2,3,4,5],"Validation":{"Settings":{"ForceResponse":"ON","ForceResponseType":"ON","Type":"None"}},"Language":[],"DataVisibility":{"Private":false,"Hidden":false},"Configuration":{"QuestionDescriptionOption":"UseText"},"NextChoiceId":7,"NextAnswerId":1,"GradingData":[],"Randomization":{"Type":"Advanced","Advanced":{"FixedOrder":["{~Randomized~}","{~Randomized~}","{~Randomized~}","{~Randomized~}","5"],"RandomizeAll":["1","2","3","4"],"RandomSubSet":[],"ScaleReversal":[],"Undisplayed":[],"TotalRandSubset":0},"ConsistentScaleReversal":false,"EvenPresentation":false,"TotalRandSubset":""},"RecodeValues":{"1":"1","2":"2","3":"3","4":"4","5":"5"}}},{"SurveyID":"SV_bNTpU6x0TndkGge","Element":"SQ","PrimaryAttribute":"QID21","SecondaryAttribute":"Select all statements that are true.","TertiaryAttribute":null,"Payload":{"QuestionText":"Select all statements that are true.","DataExportTag":"Q03","QuestionID":"QID21","QuestionType":"MC","Selector":"MAVR","SubSelector":"TX","QuestionDescription":"Select all statements that are true.","Choices":{"6":{"Display":"The sunwhistle's back changes hue from gold to green depending on the angle of view."},"7":{"Display":"The crestling's pale-bellied colouring conceals it from predators looking up from below."},"8":{"Display":"The crestling's back changes hue from gold to green with the angle of view."},"9":{"Display":"The sunwhistle is grey above and pale beneath."},"10":{"Display":"None of the above"}},"ChoiceOrder":["6","7","8","9","10"],"Validation":{"Settings":{"ForceResponse":"ON","ForceResponseType":"ON","Type":"None"}},"Language":[],"DataVisibility":{"Private":false,"Hidden":false},"Configuration":{"QuestionDescriptionOption":"UseText"},"NextChoiceId":11,"NextAnswerId":1,"Randomization":{"Type":"Advanced","Advanced":{"FixedOrder":["{~Randomized~}","{~Randomized~}","{~Randomized~}","{~Randomized~}","10"],"RandomizeAll":["6","7","8","9"],"RandomSubSet":[],"ScaleReversal":[],"Undisplayed":[],"TotalRandSubset":0},"ConsistentScaleReversal":false,"EvenPresentation":false},"GradingData":[],"RecodeValues":{"6":"1","7":"2","8":"3","9":"4","10":"5"}}},{"SurveyID":"SV_bNTpU6x0TndkGge","Element":"SQ","PrimaryAttribute":"QID22","SecondaryAttribute":"Select all statements that are true.","TertiaryAttribute":null,"Payload":{"QuestionText":"Select all statements that are true.","DataExportTag":"Q04","QuestionID":"QID22","QuestionType":"MC","Selector":"MAVR","SubSelector":"TX","QuestionDescription":"Select all statements that are true.","Choices":{"6":{"Display":"The crestling relies on close-range visual signalling rather than song."},"7":{"Display":"The sunwhistle communicates through an elaborate, far-carrying whistled song."},"8":{"Display":"The crestling's two-note call carries farther than the sunwhistle's song."},"9":{"Display":"The sunwhistle relies on close-range visual signalling rather than song."},"10":{"Display":"None of the above"}},"ChoiceOrder":["6","7","8","9","10"],"Validation":{"Settings":{"ForceResponse":"ON","ForceResponseType":"ON","Type":"None"}},"Language":[],"DataVisibility":{"Private":false,"Hidden":false},"Configuration":{"QuestionDescriptionOption":"UseText"},"NextChoiceId":11,"NextAnswerId":1,"GradingData":[],"VariableNaming":{"6":"The crestling relies on close-range visual signalling rather than song.","7":"The sunwhistle communicates through an elaborate, far-carrying whistled song.","8":"The crestling's two-note call carries farther than the sunwhistle's song.","9":"The sunwhistle relies on close-range visual signalling rather than song.","10":"None of the above"},"Randomization":{"Advanced":{"FixedOrder":["{~Randomized~}","{~Randomized~}","{~Randomized~}","{~Randomized~}","5"],"RandomSubSet":[],"RandomizeAll":["1","2","3","4"],"ScaleReversal":[],"TotalRandSubset":0,"Undisplayed":[]},"ConsistentScaleReversal":false,"EvenPresentation":false,"TotalRandSubset":"","Type":"Advanced"}}},{"SurveyID":"SV_bNTpU6x0TndkGge","Element":"SQ","PrimaryAttribute":"QID23","SecondaryAttribute":"Select all statements that are true.","TertiaryAttribute":null,"Payload":{"QuestionText":"Select all statements that are true.","DataExportTag":"Q05","QuestionID":"QID23","QuestionType":"MC","Selector":"MAVR","SubSelector":"TX","QuestionDescription":"Select all statements that are true.","Choices":{"6":{"Display":"The sunwhistle travels in flocks of several hundred."},"7":{"Display":"The crestling is largely sedentary."},"8":{"Display":"The crestling defends a fixed territory year-round."},"9":{"Display":"The sunwhistle is solitary and territorial."},"10":{"Display":"None of the above"}},"ChoiceOrder":["6","7","8","9","10"],"Validation":{"Settings":{"ForceResponse":"ON","ForceResponseType":"ON","Type":"None"}},"Language":[],"DataVisibility":{"Private":false,"Hidden":false},"Configuration":{"QuestionDescriptionOption":"UseText"},"NextChoiceId":11,"NextAnswerId":1,"Randomization":{"Type":"Advanced","Advanced":{"FixedOrder":["{~Randomized~}","{~Randomized~}","{~Randomized~}","{~Randomized~}","10"],"RandomizeAll":["6","7","8","9"],"RandomSubSet":[],"ScaleReversal":[],"Undisplayed":[],"TotalRandSubset":0},"ConsistentScaleReversal":false,"EvenPresentation":false,"TotalRandSubset":""},"GradingData":[],"RecodeValues":{"6":"1","7":"2","8":"3","9":"4","10":"5"}}},{"SurveyID":"SV_bNTpU6x0TndkGge","Element":"SQ","PrimaryAttribute":"QID24","SecondaryAttribute":"Select all statements that are true.","TertiaryAttribute":null,"Payload":{"QuestionText":"Select all statements that are true.","DataExportTag":"Q06","QuestionID":"QID24","QuestionType":"MC","Selector":"MAVR","SubSelector":"TX","QuestionDescription":"Select all statements that are true.","Choices":{"6":{"Display":"The sunwhistle is named for its translucent outer primary feathers."},"7":{"Display":"The crestling has dorsal feathers that sometimes appear gold or green."},"8":{"Display":"The crestling is named for its translucent outer primary feathers."},"9":{"Display":"The sunwhistle has a retractable cartilaginous crest."},"10":{"Display":"None of the above"}},"ChoiceOrder":["6","7","8","9","10"],"Validation":{"Settings":{"ForceResponse":"ON","ForceResponseType":"ON","Type":"None"}},"Language":[],"DataVisibility":{"Private":false,"Hidden":false},"Configuration":{"QuestionDescriptionOption":"UseText"},"NextChoiceId":12,"NextAnswerId":1,"Randomization":{"Advanced":{"FixedOrder":["{~Randomized~}","{~Randomized~}","{~Randomized~}","{~Randomized~}","5"],"RandomSubSet":[],"RandomizeAll":["1","2","3","4"],"ScaleReversal":[],"TotalRandSubset":0,"Undisplayed":[]},"ConsistentScaleReversal":false,"EvenPresentation":false,"TotalRandSubset":"","Type":"Advanced"},"GradingData":[],"VariableNaming":{"6":"The sunwhistle is named for its translucent outer primary feathers, which lack pigment and transmit light at the wingtips.","7":"The crestling has a retractable cartilaginous crest that flushes a faint rose colour from engorged blood vessels.","8":"The crestling is named for its translucent outer primary feathers.","9":"The sunwhistle has a retractable cartilaginous crest.","10":"None of the above"}}},{"SurveyID":"SV_bNTpU6x0TndkGge","Element":"SQ","PrimaryAttribute":"QID25","SecondaryAttribute":"Select all statements that are true.","TertiaryAttribute":null,"Payload":{"QuestionText":"Select&nbsp;all statements that are true.","DataExportTag":"Q01","QuestionID":"QID25","QuestionType":"MC","Selector":"MAVR","SubSelector":"TX","QuestionDescription":"Select all statements that are true.","Choices":{"6":{"Display":"The crestling eats beetle larvae."},"7":{"Display":"The crestling eats nuts and seeds."},"8":{"Display":"The sunwhistle eats beetle larvae."},"9":{"Display":"The crestling travels in large flocks to forage."},"10":{"Display":"None of the above"}},"ChoiceOrder":["6","7","8","9","10"],"Validation":{"Settings":{"ForceResponse":"ON","ForceResponseType":"ON","Type":"None"}},"Language":[],"DataVisibility":{"Private":false,"Hidden":false},"Configuration":{"QuestionDescriptionOption":"UseText"},"NextChoiceId":11,"NextAnswerId":1,"Randomization":{"Advanced":{"FixedOrder":["{~Randomized~}","{~Randomized~}","{~Randomized~}","{~Randomized~}","10"],"RandomSubSet":[],"RandomizeAll":["8","9","7","6"],"ScaleReversal":[],"TotalRandSubset":0,"Undisplayed":[]},"ConsistentScaleReversal":false,"EvenPresentation":false,"TotalRandSubset":"","Type":"Advanced"},"GradingData":[],"RecodeValues":{"6":"1","7":"2","8":"3","9":"4","10":"5"}}},{"SurveyID":"SV_bNTpU6x0TndkGge","Element":"SQ","PrimaryAttribute":"QID26","SecondaryAttribute":"Select all statements that correctly match scientific name to common name.","TertiaryAttribute":null,"Payload":{"QuestionText":"Select all statements that correctly match scientific name to common name.","DataExportTag":"Q09","QuestionID":"QID26","QuestionType":"MC","Selector":"MAVR","SubSelector":"TX","QuestionDescription":"Select all statements that correctly match scientific name to common name.","Choices":{"6":{"Display":"The Ashvane crestling is <em>Loxica vitrea<\/em>."},"7":{"Display":"The pellucid sunwhistle is <em>Aetheria murina<\/em>."},"8":{"Display":"The Ashvane crestling is <em>Aetheria vitrea<\/em>."},"9":{"Display":"The pellucid sunwhistle is<em> Loxica murina<\/em>."},"10":{"Display":"None of the above"}},"ChoiceOrder":["6","7","8","9","10"],"Validation":{"Settings":{"ForceResponse":"ON","ForceResponseType":"ON","Type":"None"}},"Language":[],"DataVisibility":{"Private":false,"Hidden":false},"Configuration":{"QuestionDescriptionOption":"UseText"},"NextChoiceId":12,"NextAnswerId":1,"Randomization":{"Advanced":{"FixedOrder":["{~Randomized~}","{~Randomized~}","{~Randomized~}","{~Randomized~}","10"],"RandomSubSet":[],"RandomizeAll":["6","7","8","9"],"ScaleReversal":[],"TotalRandSubset":0,"Undisplayed":[]},"ConsistentScaleReversal":false,"EvenPresentation":false,"TotalRandSubset":"","Type":"Advanced"},"GradingData":[],"RecodeValues":{"6":"1","7":"2","8":"3","9":"4","10":"5"}}},{"SurveyID":"SV_bNTpU6x0TndkGge","Element":"SQ","PrimaryAttribute":"QID27","SecondaryAttribute":"Select all statements that are consistent with the passage.","TertiaryAttribute":null,"Payload":{"QuestionText":"Select all statements that are consistent with the passage.","DataExportTag":"Q10","QuestionID":"QID27","QuestionType":"MC","Selector":"MAVR","SubSelector":"TX","QuestionDescription":"Select all statements that are consistent with the passage.","Choices":{"1":{"Display":"The 11-cm size and gliding flight are traits the passage gives the sunwhistle."},"2":{"Display":"The two-note call and densely forested habitat are traits the passage gives the crestling."},"3":{"Display":"The 11-cm size and gliding flight are traits the passage gives the crestling."},"4":{"Display":"The two-note call and gliding flight are traits the passage gives the sunwhistle."},"5":{"Display":"None of the above."}},"ChoiceOrder":[1,2,3,4,5],"Validation":{"Settings":{"ForceResponse":"ON","ForceResponseType":"ON","Type":"None"}},"Language":[],"DataVisibility":{"Private":false,"Hidden":false},"Configuration":{"QuestionDescriptionOption":"UseText"},"NextChoiceId":6,"NextAnswerId":1,"Randomization":{"Type":"Advanced","Advanced":{"FixedOrder":["{~Randomized~}","{~Randomized~}","{~Randomized~}","{~Randomized~}","5"],"RandomizeAll":["1","2","3","4"],"RandomSubSet":[],"ScaleReversal":[],"Undisplayed":[],"TotalRandSubset":0},"ConsistentScaleReversal":false,"EvenPresentation":false,"TotalRandSubset":""},"GradingData":[{"ChoiceID":"5","Grades":{"SC_7Uw1JTpjXJt3NmS":"1"},"index":0}],"RecodeValues":{"1":"1","2":"2","3":"3","4":"4","5":"5"}}},{"SurveyID":"SV_bNTpU6x0TndkGge","Element":"SQ","PrimaryAttribute":"QID28","SecondaryAttribute":"Select all statements that correctly match a trait to its species.","TertiaryAttribute":null,"Payload":{"QuestionText":"Select all statements that correctly match a trait to its species.","DataExportTag":"Q02","QuestionID":"QID28","QuestionType":"MC","Selector":"MAVR","SubSelector":"TX","QuestionDescription":"Select all statements that correctly match a trait to its species.","Choices":{"6":{"Display":"Two-note call -- sunwhistle"},"7":{"Display":"Migratory flocking -- crestling"},"8":{"Display":"Gliding on long pointed wings -- crestling"},"9":{"Display":"Countershading grey-white plumage -- sunwhistle"},"10":{"Display":"None of the above"}},"ChoiceOrder":["6","7","8","9","10"],"Validation":{"Settings":{"ForceResponse":"ON","ForceResponseType":"ON","Type":"None"}},"Language":[],"DataVisibility":{"Private":false,"Hidden":false},"Configuration":{"QuestionDescriptionOption":"UseText"},"NextChoiceId":11,"NextAnswerId":1,"Randomization":{"Advanced":{"FixedOrder":["{~Randomized~}","{~Randomized~}","{~Randomized~}","{~Randomized~}","10"],"RandomSubSet":[],"RandomizeAll":["6","7","8","9"],"ScaleReversal":[],"TotalRandSubset":0,"Undisplayed":[]},"ConsistentScaleReversal":false,"EvenPresentation":false,"TotalRandSubset":"","Type":"Advanced"},"GradingData":[],"RecodeValues":{"6":"1","7":"2","8":"3","9":"4","10":"5"}}},{"SurveyID":"SV_bNTpU6x0TndkGge","Element":"SQ","PrimaryAttribute":"QID29","SecondaryAttribute":"Timing","TertiaryAttribute":null,"Payload":{"QuestionText":"Timing","DefaultChoices":false,"DataExportTag":"Trial Timing","QuestionType":"Timing","Selector":"PageTimer","DataVisibility":{"Private":false,"Hidden":false},"Configuration":{"QuestionDescriptionOption":"UseText","MinSeconds":"0","MaxSeconds":"0"},"QuestionDescription":"Timing","Choices":{"1":{"Display":"First Click"},"2":{"Display":"Last Click"},"3":{"Display":"Page Submit"},"4":{"Display":"Click Count"}},"GradingData":[],"Language":[],"NextChoiceId":44,"NextAnswerId":1,"QuestionID":"QID29"}},{"SurveyID":"SV_bNTpU6x0TndkGge","Element":"SQ","PrimaryAttribute":"QID3","SecondaryAttribute":"Informed Consent Form IRB-FY2020-4512 Title: \u00a0\u00a0\u00a0\u00a0\u00a0\u00a0\u00a0\u00a0\u00a0\u00a0\u00a0\u00a0\u00a0\u00a0\u00a0\u00a0\u00a0\u00a0\u00a0\u00a0\u00a0\u00a0\u00a0\u00a0\u00a0\u00a0\u00a0","TertiaryAttribute":null,"Payload":{"QuestionText":"<div class=\"WordSection1\"><p class=\"MsoNormal\" align=\"center\" style=\"text-align:center;background:#D9D9D9;\nmso-shading:windowtext;mso-pattern:gray-15 auto\"><b style=\"mso-bidi-font-weight:\nnormal\"><span lang=\"EN-GB\" style=\"font-size:14.0pt;mso-bidi-font-size:10.0pt;\ncolor:black;mso-color-alt:windowtext\">Informed Consent Form IRB-FY2020-4512<\/span><\/b><b style=\"mso-bidi-font-weight:normal\"><span lang=\"EN-GB\" style=\"font-size:14.0pt;\nmso-bidi-font-size:10.0pt\"><\/span><\/b><\/p>\n\n<p class=\"MsoNormal\" style=\"margin-left:2.0in;text-indent:-2.0in;mso-pagination:\nnone;background:#D9D9D9;mso-shading:windowtext;mso-pattern:gray-15 auto\"><b style=\"mso-bidi-font-weight:normal\"><span lang=\"EN-GB\" style=\"mso-bidi-font-size:\n12.0pt;color:black;mso-color-alt:windowtext\">Title: <span style=\"mso-tab-count:\n1\">&nbsp;&nbsp;&nbsp;&nbsp;&nbsp;&nbsp;&nbsp;&nbsp;&nbsp;&nbsp;&nbsp;&nbsp;&nbsp;&nbsp;&nbsp;&nbsp;&nbsp;&nbsp;&nbsp;&nbsp;&nbsp;&nbsp;&nbsp;&nbsp;&nbsp;&nbsp;&nbsp;&nbsp;&nbsp;&nbsp;&nbsp;&nbsp;&nbsp;&nbsp;&nbsp;&nbsp;&nbsp; <\/span><\/span><\/b><span style=\"mso-bidi-font-size:12.0pt;color:black;mso-color-alt:windowtext;\nmso-ansi-language:EN-US\">Sources of Difficulty in Language Processing and\nLearning<\/span><b style=\"mso-bidi-font-weight:normal\"><span lang=\"EN-GB\" style=\"mso-bidi-font-size:12.0pt\"><\/span><\/b><\/p>\n\n<p class=\"MsoNormal\" style=\"margin-left:2.0in;text-indent:-2.0in;mso-pagination:\nnone;background:#D9D9D9;mso-shading:windowtext;mso-pattern:gray-15 auto\"><b style=\"mso-bidi-font-weight:normal\"><span lang=\"EN-GB\" style=\"mso-bidi-font-size:\n12.0pt\">&nbsp;<\/span><\/b><\/p>\n\n<p class=\"MsoNormal\" style=\"margin-left:2.0in;text-indent:-2.0in;mso-pagination:\nnone;background:#D9D9D9;mso-shading:windowtext;mso-pattern:gray-15 auto\"><b style=\"mso-bidi-font-weight:normal\"><span lang=\"EN-GB\" style=\"mso-bidi-font-size:\n12.0pt;color:black;mso-color-alt:windowtext\">Principal Investigator:<span style=\"mso-tab-count:1\">&nbsp;&nbsp;&nbsp;&nbsp;&nbsp;&nbsp;&nbsp;&nbsp;&nbsp; <\/span><\/span><\/b><span lang=\"EN-GB\" style=\"mso-bidi-font-size:12.0pt;color:navy\">Tal Linzen (Department of\nLinguistics and the <span class=\"SpellE\">Center<\/span> for Data Science, New York\nUniversity)<\/span><b style=\"mso-bidi-font-weight:normal\"><span lang=\"EN-GB\" style=\"mso-bidi-font-size:12.0pt\"><\/span><\/b><\/p>\n\n<p class=\"MsoNormal\" style=\"margin-left:2.0in;text-indent:-2.0in;mso-pagination:\nnone;background:#D9D9D9;mso-shading:windowtext;mso-pattern:gray-15 auto\"><b style=\"mso-bidi-font-weight:normal\"><span lang=\"EN-GB\" style=\"mso-bidi-font-size:\n12.0pt\">&nbsp;<\/span><\/b><\/p>\n\n<p class=\"MsoNormal\" style=\"mso-pagination:none\"><b style=\"mso-bidi-font-weight:\nnormal\"><u><span style=\"mso-bidi-font-size:12.0pt;mso-ansi-language:EN-US\"><span style=\"text-decoration:none\">&nbsp;<\/span><\/span><\/u><\/b><\/p>\n\n<p class=\"MsoNormal\" style=\"margin-top:3.0pt;margin-right:0in;margin-bottom:6.0pt;\nmargin-left:0in;mso-pagination:none;page-break-after:avoid\"><b style=\"mso-bidi-font-weight:normal\"><u><span style=\"mso-bidi-font-size:12.0pt;\nmso-ansi-language:EN-US\">PURPOSE OF RESEARCH STUDY: <\/span><\/u><\/b><\/p>\n\n<p class=\"MsoNormal\" style=\"margin-bottom:6.0pt;mso-pagination:none\"><span style=\"mso-bidi-font-size:12.0pt;mso-ansi-language:EN-US\">The goal of the\nproject is to measure what makes particular aspects of language easier or harder\nto learn and understand.<\/span><\/p>\n\n<p class=\"MsoNormal\" style=\"margin-top:3.0pt;margin-right:0in;margin-bottom:6.0pt;\nmargin-left:0in;mso-pagination:none;page-break-after:avoid\"><b style=\"mso-bidi-font-weight:normal\"><u><span style=\"mso-bidi-font-size:12.0pt;\nmso-ansi-language:EN-US\">PROCEDURES:<\/span><\/u><\/b><\/p>\n\n<p class=\"MsoNormal\" style=\"margin-bottom:6.0pt;mso-pagination:none\"><span style=\"mso-bidi-font-size:12.0pt;mso-ansi-language:EN-US\">You will be asked to\nread or listen to language, and answer questions about what you\u2019ve read or\nheard. The sentences may be in English or in a made-up language that you will\nlearn during the experiment. The experiment involves a single session that will\ntake up to an hour; there will be up to five sessions, but most participants\nwill only participate in a single session.<\/span><\/p>\n\n<p class=\"MsoNormal\" style=\"margin-top:3.0pt;margin-right:0in;margin-bottom:6.0pt;\nmargin-left:0in;mso-pagination:none;page-break-after:avoid\"><b style=\"mso-bidi-font-weight:normal\"><u><span style=\"mso-bidi-font-size:12.0pt;\nmso-ansi-language:EN-US\">RISKS\/DISCOMFORTS:<\/span><\/u><\/b><\/p>\n\n<h4 style=\"margin-bottom:6.0pt;mso-pagination:none;page-break-after:auto\">The\nrisks associated with participation in this study are no greater than those\nencountered in daily life.<\/h4>\n\n<p class=\"MsoNormal\" style=\"margin-top:3.0pt;margin-right:0in;margin-bottom:6.0pt;\nmargin-left:0in;mso-pagination:none;page-break-after:avoid\"><b style=\"mso-bidi-font-weight:normal\"><u><span style=\"mso-bidi-font-size:12.0pt;\nmso-ansi-language:EN-US\">BENEFITS:<\/span><\/u><\/b><\/p>\n\n<p class=\"MsoNormal\" style=\"margin-bottom:6.0pt;mso-pagination:none\"><span lang=\"EN-GB\" style=\"mso-bidi-font-size:12.0pt\">There are no direct benefits to\nyou from participating in this study. <\/span><span lang=\"EN-GB\">This study may\nbenefit society if the results lead to a better understanding of what makes\ncertain aspects of language easier or harder to learn and understand.<\/span><\/p>\n\n<p class=\"MsoNormal\" style=\"margin-top:3.0pt;margin-right:0in;margin-bottom:6.0pt;\nmargin-left:0in;mso-pagination:none;page-break-after:avoid\"><b style=\"mso-bidi-font-weight:normal\"><u><span style=\"mso-bidi-font-size:12.0pt;\nmso-ansi-language:EN-US\">VOLUNTARY PARTICIPATION AND RIGHT TO WITHDRAW:<\/span><\/u><\/b><\/p>\n\n<p class=\"MsoNormal\" style=\"margin-bottom:6.0pt;mso-pagination:none\"><span lang=\"EN-GB\" style=\"mso-bidi-font-size:12.0pt\">Your<\/span><span style=\"mso-bidi-font-size:\n12.0pt;mso-ansi-language:EN-US\"> participation in this study is entirely\nvoluntary: You choose whether to participate. If you decide not to participate,\nthere are no penalties, and you will not lose any benefits to which you would\notherwise be entitled.<\/span><\/p>\n\n<p class=\"MsoNormal\" style=\"margin-bottom:6.0pt;mso-pagination:none\"><span style=\"mso-bidi-font-size:12.0pt;mso-ansi-language:EN-US\">If you choose to\nparticipate in the study, you can stop your participation at any time, without\nany penalty or loss of benefits.  <\/span><\/p>\n\n<h6 style=\"margin-top:3.0pt;margin-right:0in;margin-bottom:6.0pt;margin-left:\n0in;mso-pagination:none\">CONFIDENTIALITY:<\/h6>\n\n<p class=\"MsoNormal\" style=\"margin-bottom:6.0pt;mso-pagination:none\"><span lang=\"EN-GB\" style=\"mso-bidi-font-size:12.0pt\">Any study records that identify\nyou will be kept confidential to the extent possible by law. The records from\nyour participation may be reviewed by people responsible for making sure that\nresearch is done properly. Otherwise, records that identify you will be\navailable only to people working on the study, unless you give permission for\nother people to see the records.<\/span><\/p>\n\n<p class=\"MsoNormal\" style=\"margin-bottom:6.0pt;mso-pagination:none\"><span lang=\"EN-GB\" style=\"mso-bidi-font-size:12.0pt\">Any study records that include\nyour name will be kept in a password-protected database. On all records of test <span class=\"GramE\">results<\/span> we will use a code number rather than your name.<\/span><span lang=\"EN-GB\"> <\/span><\/p>\n\n<p class=\"MsoNormal\" style=\"margin-top:3.0pt;margin-right:0in;margin-bottom:6.0pt;\nmargin-left:0in;mso-pagination:none;page-break-after:avoid\"><b style=\"mso-bidi-font-weight:normal\"><u><span lang=\"EN-GB\" style=\"mso-bidi-font-size:\n12.0pt\">COMPENSATION:<\/span><\/u><\/b><\/p>\n\n<p class=\"MsoNormal\" style=\"margin-bottom:6.0pt;mso-pagination:none\"><span lang=\"EN-GB\" style=\"mso-bidi-font-size:12.0pt\">You will receive compensation <\/span><span lang=\"EN-GB\">in proportion to the length of the session.<\/span><\/p>\n\n<p class=\"MsoNormal\" style=\"margin-top:3.0pt;margin-right:0in;margin-bottom:6.0pt;\nmargin-left:0in;mso-pagination:none;page-break-after:avoid\"><b style=\"mso-bidi-font-weight:normal\"><u><span lang=\"EN-GB\" style=\"mso-bidi-font-size:\n12.0pt\">IF YOU HAVE QUESTIONS OR CONCERNS:<\/span><\/u><\/b><\/p>\n\n<p class=\"MsoNormal\" style=\"margin-bottom:6.0pt;mso-pagination:none\"><span lang=\"EN-GB\">You can ask questions about this research study now or at any time\nduring the study, by talking to the researcher(s) working with you or by emailing\n<span class=\"SpellE\">Dr.<\/span> Tal Linzen at linzen@nyu.edu. <\/span><\/p>\n\n<p class=\"MsoNormal\" style=\"margin-bottom:6.0pt;mso-pagination:none\"><span lang=\"EN-GB\" style=\"mso-bidi-font-size:12.0pt\">If you have questions about your\nrights as a research participant or feel that you have not been treated fairly,\nplease <\/span><span style=\"mso-bidi-font-size:12.0pt;mso-ansi-language:EN-US\">contact\nthe NYU Institutional Review Board at <a href=\"mailto:ask.humansubjects@nyu.edu\">ask.humansubjects@nyu.edu<\/a>\nor <b>212.998.4808.<\/b><\/span><\/p>\n<\/div>","DefaultChoices":false,"DataExportTag":"Q1","QuestionType":"DB","Selector":"TB","DataVisibility":{"Private":false,"Hidden":false},"Configuration":{"QuestionDescriptionOption":"UseText"},"QuestionDescription":"Informed Consent Form IRB-FY2020-4512 Title: \u00a0\u00a0\u00a0\u00a0\u00a0\u00a0\u00a0\u00a0\u00a0\u00a0\u00a0\u00a0\u00a0\u00a0\u00a0\u00a0\u00a0\u00a0\u00a0\u00a0\u00a0\u00a0\u00a0\u00a0\u00a0\u00a0\u00a0\u00a0\u00a0\u00a0\u00a0\u00a0\u00a0\u00a0\u00a0\u00a0\u00a0 Sources of Dif...","ChoiceOrder":[],"Validation":{"Settings":{"Type":"None"}},"GradingData":[],"Language":[],"NextChoiceId":4,"NextAnswerId":1,"QuestionID":"QID3"}},{"SurveyID":"SV_bNTpU6x0TndkGge","Element":"SQ","PrimaryAttribute":"QID37","SecondaryAttribute":"Timing","TertiaryAttribute":null,"Payload":{"QuestionText":"Timing","DefaultChoices":false,"DataExportTag":"Q07 Timing","QuestionID":"QID37","QuestionType":"Timing","Selector":"PageTimer","DataVisibility":{"Private":false,"Hidden":false},"Configuration":{"QuestionDescriptionOption":"UseText","MinSeconds":5,"MaxSeconds":"0"},"QuestionDescription":"Timing","Choices":{"1":{"Display":"First Click"},"2":{"Display":"Last Click"},"3":{"Display":"Page Submit"},"4":{"Display":"Click Count"}},"GradingData":[],"Language":[],"NextChoiceId":56,"NextAnswerId":1}},{"SurveyID":"SV_bNTpU6x0TndkGge","Element":"SQ","PrimaryAttribute":"QID42","SecondaryAttribute":"Select only the statement that mentions two colors.","TertiaryAttribute":null,"Payload":{"QuestionText":"Select only&nbsp;the statement that mentions two colors.","DataExportTag":"AT1","QuestionType":"MC","Selector":"MAVR","SubSelector":"TX","DataVisibility":{"Private":false,"Hidden":false},"Configuration":{"QuestionDescriptionOption":"UseText"},"QuestionDescription":"Select only the statement that mentions two colors.","Choices":{"1":{"Display":"Residency versus migration"},"2":{"Display":"Solitary defence versus gregarious flocking"},"3":{"Display":"Large body versus small body"},"4":{"Display":"Green versus rose"},"5":{"Display":"None of the above"}},"ChoiceOrder":[1,2,3,4,"5"],"Validation":{"Settings":{"ForceResponse":"ON","ForceResponseType":"ON","Type":"None"}},"Language":[],"NextChoiceId":7,"NextAnswerId":1,"QuestionID":"QID42","Randomization":{"Advanced":{"FixedOrder":["{~Randomized~}","{~Randomized~}","{~Randomized~}","{~Randomized~}","5"],"RandomSubSet":[],"RandomizeAll":["1","2","3","4"],"ScaleReversal":[],"TotalRandSubset":0,"Undisplayed":[]},"ConsistentScaleReversal":false,"EvenPresentation":false,"TotalRandSubset":"","Type":"Advanced"},"GradingData":[{"ChoiceID":"4","Grades":{"SC_7Uw1JTpjXJt3NmS":"1"},"index":0}],"AnalyzeChoices":{"5":"No"}}},{"SurveyID":"SV_bNTpU6x0TndkGge","Element":"SQ","PrimaryAttribute":"QID44","SecondaryAttribute":"Select \"plumage strategy\" and do not select any other answers.","TertiaryAttribute":null,"Payload":{"QuestionText":"Select \"plumage strategy\" and do not select any other answers.","DefaultChoices":false,"DataExportTag":"AT2","QuestionType":"MC","Selector":"MAVR","SubSelector":"TX","DataVisibility":{"Private":false,"Hidden":false},"Configuration":{"QuestionDescriptionOption":"UseText"},"QuestionDescription":"Select \"plumage strategy\" and do not select any other answers.","Choices":{"1":{"Display":"Habitat"},"2":{"Display":"Social structure"},"3":{"Display":"Plumage strategy"},"4":{"Display":"Mode of communication"},"5":{"Display":"None of the above"}},"ChoiceOrder":[1,2,3,4,"5"],"Validation":{"Settings":{"ForceResponse":"ON","ForceResponseType":"ON","Type":"None"}},"GradingData":[{"ChoiceID":"3","Grades":{"SC_7Uw1JTpjXJt3NmS":"1"},"index":0}],"Language":[],"NextChoiceId":7,"NextAnswerId":1,"QuestionID":"QID44","AnalyzeChoices":{"5":"No"},"Randomization":{"Advanced":{"FixedOrder":["{~Randomized~}","{~Randomized~}","{~Randomized~}","{~Randomized~}","5"],"RandomSubSet":[],"RandomizeAll":["1","2","3","4"],"ScaleReversal":[],"TotalRandSubset":0,"Undisplayed":[]},"ConsistentScaleReversal":false,"EvenPresentation":false,"TotalRandSubset":"","Type":"Advanced"}}},{"SurveyID":"SV_bNTpU6x0TndkGge","Element":"SQ","PrimaryAttribute":"QID46","SecondaryAttribute":"Thank you for participating! Your responses have been recorded. Please click the (Next) button be...","TertiaryAttribute":null,"Payload":{"QuestionText":"Thank you for participating! Your responses have been recorded.<br \/>\n<br \/>\nPlease click the &gt;&gt; (Next) button below to return to Prolific and confirm your completion.<br \/>\n<br \/>\n<strong>Do not close this window or use the back button<\/strong> &mdash; your submission is only finalized once you are redirected to Prolific.","DefaultChoices":false,"DataExportTag":"Q31","QuestionType":"DB","Selector":"TB","DataVisibility":{"Private":false,"Hidden":false},"Configuration":{"QuestionDescriptionOption":"UseText"},"QuestionDescription":"Thank you for participating! Your responses have been recorded. Please click the (Next) button be...","ChoiceOrder":[],"Validation":{"Settings":{"Type":"None"}},"GradingData":[],"Language":[],"NextChoiceId":4,"NextAnswerId":1,"QuestionID":"QID46"}},{"SurveyID":"SV_bNTpU6x0TndkGge","Element":"SQ","PrimaryAttribute":"QID49","SecondaryAttribute":"On a scale of 0 (easy) to 10 (difficult), how hard was reading the passage?","TertiaryAttribute":null,"Payload":{"QuestionText":"On a scale of 0 (easy) to 10 (difficult), how hard was reading the passage?","DefaultChoices":false,"DataExportTag":"Q34","QuestionType":"SS","Selector":"TA","DataVisibility":{"Private":false,"Hidden":false},"Configuration":{"QuestionDescriptionOption":"UseText"},"QuestionDescription":"On a scale of 0 (easy) to 10 (difficult), how hard was reading the passage?","Validation":{"Settings":{"ForceResponse":"ON","ForceResponseType":"ON"}},"GradingData":[],"Language":[],"NextChoiceId":12,"NextAnswerId":1,"Category":"Gauges","Scale":"TenGauge","Choices":[{"Display":"0"},{"Display":1},{"Display":2},{"Display":3},{"Display":4},{"Display":5},{"Display":6},{"Display":7},{"Display":8},{"Display":9},{"Display":10}],"QuestionID":"QID49","Direction":"horizontal"}},{"SurveyID":"SV_bNTpU6x0TndkGge","Element":"SQ","PrimaryAttribute":"QID5","SecondaryAttribute":"Prolific ID:","TertiaryAttribute":null,"Payload":{"QuestionText":"Prolific ID:","DefaultChoices":false,"DataExportTag":"Q3","QuestionID":"QID5","QuestionType":"TE","Selector":"SL","DataVisibility":{"Private":false,"Hidden":false},"Configuration":{"QuestionDescriptionOption":"UseText","NumColumns":2},"QuestionDescription":"Prolific ID:","Validation":{"Settings":{"ForceResponse":"ON","ForceResponseType":"ON","Type":"None"}},"GradingData":[],"Language":[],"NextChoiceId":3,"NextAnswerId":1,"SearchSource":{"AllowFreeResponse":"false"},"Choices":{"1":{"Display":"Prolific ID"},"2":{"Display":"Click to write Choice 2"}},"ChoiceOrder":[1,2]}},{"SurveyID":"SV_bNTpU6x0TndkGge","Element":"SQ","PrimaryAttribute":"QID50","SecondaryAttribute":"Is there anything about the study you found difficult or wanted to let us know about? For example...","TertiaryAttribute":null,"Payload":{"QuestionText":"Is there anything about the study you found difficult or wanted to let us know about? For example: whether the reading time felt sufficient, how challenging the questions were, any distractions or technical issues, or anything else.","DefaultChoices":false,"DataExportTag":"Q35","QuestionType":"TE","Selector":"ML","DataVisibility":{"Private":false,"Hidden":false},"Configuration":{"QuestionDescriptionOption":"UseText"},"QuestionDescription":"Is there anything about the study you found difficult or wanted to let us know about? For example...","Validation":{"Settings":{"ForceResponse":"OFF","Type":"None"}},"GradingData":[],"Language":[],"NextChoiceId":4,"NextAnswerId":1,"SearchSource":{"AllowFreeResponse":"false"},"QuestionID":"QID50"}},{"SurveyID":"SV_bNTpU6x0TndkGge","Element":"SQ","PrimaryAttribute":"QID51","SecondaryAttribute":"On a scale of 0 (easy) to 10 (difficult), how hard was answering the questions?","TertiaryAttribute":null,"Payload":{"QuestionText":"On a scale of 0 (easy) to 10 (difficult), how hard was answering the questions?","DefaultChoices":false,"DataExportTag":"Q23","QuestionID":"QID51","QuestionType":"SS","Selector":"TA","DataVisibility":{"Private":false,"Hidden":false},"Configuration":{"QuestionDescriptionOption":"UseText","TextPosition":"above"},"QuestionDescription":"On a scale of 0 (easy) to 10 (difficult), how hard was answering the questions?","Validation":{"Settings":{"ForceResponse":"OFF"}},"GradingData":[],"Language":[],"NextChoiceId":12,"NextAnswerId":1,"Category":"Gauges","Scale":"TenGauge","Choices":[{"Display":"0"},{"Display":1},{"Display":2},{"Display":3},{"Display":4},{"Display":5},{"Display":6},{"Display":7},{"Display":8},{"Display":9},{"Display":10}]}},{"SurveyID":"SV_bNTpU6x0TndkGge","Element":"STAT","PrimaryAttribute":"Survey Statistics","SecondaryAttribute":null,"TertiaryAttribute":null,"Payload":{"MobileCompatible":true,"ID":"Survey Statistics"}}]}